// !$*UTF8*$!
{
	archiveVersion = 1;
	classes = {
	};
	objectVersion = 46;
	objects = {

/* Begin PBXBuildFile section */
		4E20A85F181BBE3700C60380 /* CFNetwork.framework in Frameworks */ = {isa = PBXBuildFile; fileRef = 4E20A85E181BBE3700C60380 /* CFNetwork.framework */; };
		4E20A861181BBE4300C60380 /* SystemConfiguration.framework in Frameworks */ = {isa = PBXBuildFile; fileRef = 4E20A860181BBE4300C60380 /* SystemConfiguration.framework */; };
		4E3660B4181BBE640005A327 /* MobileCoreServices.framework in Frameworks */ = {isa = PBXBuildFile; fileRef = 4E3660B3181BBE640005A327 /* MobileCoreServices.framework */; };
		4E3660B6181BBE890005A327 /* libz.1.1.3.dylib in Frameworks */ = {isa = PBXBuildFile; fileRef = 4E3660B5181BBE890005A327 /* libz.1.1.3.dylib */; };
		4E3660B8181BBEA40005A327 /* libxml2.2.dylib in Frameworks */ = {isa = PBXBuildFile; fileRef = 4E3660B7181BBEA40005A327 /* libxml2.2.dylib */; };
		4E3660BA181BBEAD0005A327 /* libxml2.dylib in Frameworks */ = {isa = PBXBuildFile; fileRef = 4E3660B9181BBEAD0005A327 /* libxml2.dylib */; };
		4E46EC3F182145C700E1B5D5 /* ZYCourse.m in Sources */ = {isa = PBXBuildFile; fileRef = 4E46EC3E182145C700E1B5D5 /* ZYCourse.m */; };
		4E46EC42182145D700E1B5D5 /* ZYChapter.m in Sources */ = {isa = PBXBuildFile; fileRef = 4E46EC41182145D700E1B5D5 /* ZYChapter.m */; };
		4E4D6014181FE86C0043638E /* MKAnnotationView+WebCache.m in Sources */ = {isa = PBXBuildFile; fileRef = 4E4D5FF8181FE86C0043638E /* MKAnnotationView+WebCache.m */; };
		4E4D6015181FE86C0043638E /* NSData+GIF.m in Sources */ = {isa = PBXBuildFile; fileRef = 4E4D5FFA181FE86C0043638E /* NSData+GIF.m */; };
		4E4D6016181FE86C0043638E /* SDImageCache.m in Sources */ = {isa = PBXBuildFile; fileRef = 4E4D5FFC181FE86C0043638E /* SDImageCache.m */; };
		4E4D6017181FE86C0043638E /* SDWebImageCompat.m in Sources */ = {isa = PBXBuildFile; fileRef = 4E4D5FFE181FE86C0043638E /* SDWebImageCompat.m */; };
		4E4D6018181FE86C0043638E /* SDWebImageDecoder.m in Sources */ = {isa = PBXBuildFile; fileRef = 4E4D6000181FE86C0043638E /* SDWebImageDecoder.m */; };
		4E4D6019181FE86C0043638E /* SDWebImageDownloader.m in Sources */ = {isa = PBXBuildFile; fileRef = 4E4D6002181FE86C0043638E /* SDWebImageDownloader.m */; };
		4E4D601A181FE86C0043638E /* SDWebImageDownloaderOperation.m in Sources */ = {isa = PBXBuildFile; fileRef = 4E4D6004181FE86C0043638E /* SDWebImageDownloaderOperation.m */; };
		4E4D601B181FE86C0043638E /* SDWebImageManager.m in Sources */ = {isa = PBXBuildFile; fileRef = 4E4D6006181FE86C0043638E /* SDWebImageManager.m */; };
		4E4D601C181FE86C0043638E /* SDWebImagePrefetcher.m in Sources */ = {isa = PBXBuildFile; fileRef = 4E4D6009181FE86C0043638E /* SDWebImagePrefetcher.m */; };
		4E4D601D181FE86C0043638E /* UIButton+WebCache.m in Sources */ = {isa = PBXBuildFile; fileRef = 4E4D600B181FE86C0043638E /* UIButton+WebCache.m */; };
		4E4D601E181FE86C0043638E /* UIImage+GIF.m in Sources */ = {isa = PBXBuildFile; fileRef = 4E4D600D181FE86C0043638E /* UIImage+GIF.m */; };
		4E4D601F181FE86C0043638E /* UIImage+MultiFormat.m in Sources */ = {isa = PBXBuildFile; fileRef = 4E4D600F181FE86C0043638E /* UIImage+MultiFormat.m */; };
		4E4D6020181FE86C0043638E /* UIImage+WebP.m in Sources */ = {isa = PBXBuildFile; fileRef = 4E4D6011181FE86C0043638E /* UIImage+WebP.m */; };
		4E4D6021181FE86C0043638E /* UIImageView+WebCache.m in Sources */ = {isa = PBXBuildFile; fileRef = 4E4D6013181FE86C0043638E /* UIImageView+WebCache.m */; };
		4E4FCDB5181BAD690025F633 /* Foundation.framework in Frameworks */ = {isa = PBXBuildFile; fileRef = 4E4FCDB4181BAD690025F633 /* Foundation.framework */; };
		4E4FCDB7181BAD690025F633 /* CoreGraphics.framework in Frameworks */ = {isa = PBXBuildFile; fileRef = 4E4FCDB6181BAD690025F633 /* CoreGraphics.framework */; };
		4E4FCDB9181BAD690025F633 /* UIKit.framework in Frameworks */ = {isa = PBXBuildFile; fileRef = 4E4FCDB8181BAD690025F633 /* UIKit.framework */; };
		4E4FCDBF181BAD690025F633 /* InfoPlist.strings in Resources */ = {isa = PBXBuildFile; fileRef = 4E4FCDBD181BAD690025F633 /* InfoPlist.strings */; };
		4E4FCDC1181BAD690025F633 /* main.m in Sources */ = {isa = PBXBuildFile; fileRef = 4E4FCDC0181BAD690025F633 /* main.m */; };
		4E4FCDC5181BAD690025F633 /* ZYAppDelegate.m in Sources */ = {isa = PBXBuildFile; fileRef = 4E4FCDC4181BAD690025F633 /* ZYAppDelegate.m */; };
		4E4FCDC7181BAD690025F633 /* Images.xcassets in Resources */ = {isa = PBXBuildFile; fileRef = 4E4FCDC6181BAD690025F633 /* Images.xcassets */; };
		4E4FCDCE181BAD690025F633 /* XCTest.framework in Frameworks */ = {isa = PBXBuildFile; fileRef = 4E4FCDCD181BAD690025F633 /* XCTest.framework */; };
		4E4FCDCF181BAD690025F633 /* Foundation.framework in Frameworks */ = {isa = PBXBuildFile; fileRef = 4E4FCDB4181BAD690025F633 /* Foundation.framework */; };
		4E4FCDD0181BAD690025F633 /* UIKit.framework in Frameworks */ = {isa = PBXBuildFile; fileRef = 4E4FCDB8181BAD690025F633 /* UIKit.framework */; };
		4E4FCDD8181BAD690025F633 /* InfoPlist.strings in Resources */ = {isa = PBXBuildFile; fileRef = 4E4FCDD6181BAD690025F633 /* InfoPlist.strings */; };
		4E4FCDDA181BAD690025F633 /* ZiyueTests.m in Sources */ = {isa = PBXBuildFile; fileRef = 4E4FCDD9181BAD690025F633 /* ZiyueTests.m */; };
		4E4FCDE5181BAEDE0025F633 /* BaseViewController.m in Sources */ = {isa = PBXBuildFile; fileRef = 4E4FCDE4181BAEDE0025F633 /* BaseViewController.m */; };
		4E4FCDE8181BAF020025F633 /* Utility.m in Sources */ = {isa = PBXBuildFile; fileRef = 4E4FCDE7181BAF020025F633 /* Utility.m */; };
		4E4FCDEB181BB0A20025F633 /* ZYViewController.m in Sources */ = {isa = PBXBuildFile; fileRef = 4E4FCDEA181BB0A20025F633 /* ZYViewController.m */; };
		4E4FCE26181BBC010025F633 /* ASIAuthenticationDialog.m in Sources */ = {isa = PBXBuildFile; fileRef = 4E4FCDF0181BBC010025F633 /* ASIAuthenticationDialog.m */; settings = {COMPILER_FLAGS = "-fno-objc-arc"; }; };
		4E4FCE27181BBC010025F633 /* ASIDataCompressor.m in Sources */ = {isa = PBXBuildFile; fileRef = 4E4FCDF3181BBC010025F633 /* ASIDataCompressor.m */; settings = {COMPILER_FLAGS = "-fno-objc-arc"; }; };
		4E4FCE28181BBC010025F633 /* ASIDataDecompressor.m in Sources */ = {isa = PBXBuildFile; fileRef = 4E4FCDF5181BBC010025F633 /* ASIDataDecompressor.m */; settings = {COMPILER_FLAGS = "-fno-objc-arc"; }; };
		4E4FCE29181BBC010025F633 /* ASIDownloadCache.m in Sources */ = {isa = PBXBuildFile; fileRef = 4E4FCDF7181BBC010025F633 /* ASIDownloadCache.m */; settings = {COMPILER_FLAGS = "-fno-objc-arc"; }; };
		4E4FCE2A181BBC010025F633 /* ASIFormDataRequest.m in Sources */ = {isa = PBXBuildFile; fileRef = 4E4FCDF9181BBC010025F633 /* ASIFormDataRequest.m */; settings = {COMPILER_FLAGS = "-fno-objc-arc"; }; };
		4E4FCE2B181BBC010025F633 /* ASIHTTPRequest.m in Sources */ = {isa = PBXBuildFile; fileRef = 4E4FCDFB181BBC010025F633 /* ASIHTTPRequest.m */; settings = {COMPILER_FLAGS = "-fno-objc-arc"; }; };
		4E4FCE2C181BBC010025F633 /* ASIInputStream.m in Sources */ = {isa = PBXBuildFile; fileRef = 4E4FCDFF181BBC010025F633 /* ASIInputStream.m */; settings = {COMPILER_FLAGS = "-fno-objc-arc"; }; };
		4E4FCE2D181BBC010025F633 /* ASINetworkQueue.m in Sources */ = {isa = PBXBuildFile; fileRef = 4E4FCE01181BBC010025F633 /* ASINetworkQueue.m */; settings = {COMPILER_FLAGS = "-fno-objc-arc"; }; };
		4E4FCE2E181BBC010025F633 /* ASIWebPageRequest.m in Sources */ = {isa = PBXBuildFile; fileRef = 4E4FCE05181BBC010025F633 /* ASIWebPageRequest.m */; settings = {COMPILER_FLAGS = "-fno-objc-arc"; }; };
		4E4FCE2F181BBC010025F633 /* ASICloudFilesCDNRequest.m in Sources */ = {isa = PBXBuildFile; fileRef = 4E4FCE08181BBC010025F633 /* ASICloudFilesCDNRequest.m */; settings = {COMPILER_FLAGS = "-fno-objc-arc"; }; };
		4E4FCE30181BBC010025F633 /* ASICloudFilesContainer.m in Sources */ = {isa = PBXBuildFile; fileRef = 4E4FCE0A181BBC010025F633 /* ASICloudFilesContainer.m */; settings = {COMPILER_FLAGS = "-fno-objc-arc"; }; };
		4E4FCE31181BBC010025F633 /* ASICloudFilesContainerRequest.m in Sources */ = {isa = PBXBuildFile; fileRef = 4E4FCE0C181BBC010025F633 /* ASICloudFilesContainerRequest.m */; settings = {COMPILER_FLAGS = "-fno-objc-arc"; }; };
		4E4FCE32181BBC010025F633 /* ASICloudFilesContainerXMLParserDelegate.m in Sources */ = {isa = PBXBuildFile; fileRef = 4E4FCE0E181BBC010025F633 /* ASICloudFilesContainerXMLParserDelegate.m */; settings = {COMPILER_FLAGS = "-fno-objc-arc"; }; };
		4E4FCE33181BBC010025F633 /* ASICloudFilesObject.m in Sources */ = {isa = PBXBuildFile; fileRef = 4E4FCE10181BBC010025F633 /* ASICloudFilesObject.m */; settings = {COMPILER_FLAGS = "-fno-objc-arc"; }; };
		4E4FCE34181BBC010025F633 /* ASICloudFilesObjectRequest.m in Sources */ = {isa = PBXBuildFile; fileRef = 4E4FCE12181BBC010025F633 /* ASICloudFilesObjectRequest.m */; settings = {COMPILER_FLAGS = "-fno-objc-arc"; }; };
		4E4FCE35181BBC010025F633 /* ASICloudFilesRequest.m in Sources */ = {isa = PBXBuildFile; fileRef = 4E4FCE14181BBC010025F633 /* ASICloudFilesRequest.m */; settings = {COMPILER_FLAGS = "-fno-objc-arc"; }; };
		4E4FCE36181BBC010025F633 /* ASIS3Bucket.m in Sources */ = {isa = PBXBuildFile; fileRef = 4E4FCE18181BBC010025F633 /* ASIS3Bucket.m */; settings = {COMPILER_FLAGS = "-fno-objc-arc"; }; };
		4E4FCE37181BBC010025F633 /* ASIS3BucketObject.m in Sources */ = {isa = PBXBuildFile; fileRef = 4E4FCE1A181BBC010025F633 /* ASIS3BucketObject.m */; settings = {COMPILER_FLAGS = "-fno-objc-arc"; }; };
		4E4FCE38181BBC010025F633 /* ASIS3BucketRequest.m in Sources */ = {isa = PBXBuildFile; fileRef = 4E4FCE1C181BBC010025F633 /* ASIS3BucketRequest.m */; settings = {COMPILER_FLAGS = "-fno-objc-arc"; }; };
		4E4FCE39181BBC010025F633 /* ASIS3ObjectRequest.m in Sources */ = {isa = PBXBuildFile; fileRef = 4E4FCE1E181BBC010025F633 /* ASIS3ObjectRequest.m */; settings = {COMPILER_FLAGS = "-fno-objc-arc"; }; };
		4E4FCE3A181BBC010025F633 /* ASIS3Request.m in Sources */ = {isa = PBXBuildFile; fileRef = 4E4FCE20181BBC010025F633 /* ASIS3Request.m */; settings = {COMPILER_FLAGS = "-fno-objc-arc"; }; };
		4E4FCE3B181BBC010025F633 /* ASIS3ServiceRequest.m in Sources */ = {isa = PBXBuildFile; fileRef = 4E4FCE22181BBC010025F633 /* ASIS3ServiceRequest.m */; settings = {COMPILER_FLAGS = "-fno-objc-arc"; }; };
		4E4FCE3C181BBC010025F633 /* Reachability.m in Sources */ = {isa = PBXBuildFile; fileRef = 4E4FCE25181BBC010025F633 /* Reachability.m */; settings = {COMPILER_FLAGS = "-fno-objc-arc"; }; };
		4E8E797B1820E23F005CA37A /* FMDatabase.m in Sources */ = {isa = PBXBuildFile; fileRef = 4E8E79721820E23F005CA37A /* FMDatabase.m */; };
		4E8E797C1820E23F005CA37A /* FMDatabaseAdditions.m in Sources */ = {isa = PBXBuildFile; fileRef = 4E8E79741820E23F005CA37A /* FMDatabaseAdditions.m */; };
		4E8E797D1820E23F005CA37A /* FMDatabasePool.m in Sources */ = {isa = PBXBuildFile; fileRef = 4E8E79761820E23F005CA37A /* FMDatabasePool.m */; };
		4E8E797E1820E23F005CA37A /* FMDatabaseQueue.m in Sources */ = {isa = PBXBuildFile; fileRef = 4E8E79781820E23F005CA37A /* FMDatabaseQueue.m */; };
		4E8E797F1820E23F005CA37A /* FMResultSet.m in Sources */ = {isa = PBXBuildFile; fileRef = 4E8E797A1820E23F005CA37A /* FMResultSet.m */; };
		4E8E79811820E268005CA37A /* libsqlite3.dylib in Frameworks */ = {isa = PBXBuildFile; fileRef = 4E8E79801820E268005CA37A /* libsqlite3.dylib */; };
		4E8E79871820E7CD005CA37A /* HDBHelper.m in Sources */ = {isa = PBXBuildFile; fileRef = 4E8E79841820E7CD005CA37A /* HDBHelper.m */; };
		4E8E79881820E7CD005CA37A /* HDOperationList.m in Sources */ = {isa = PBXBuildFile; fileRef = 4E8E79861820E7CD005CA37A /* HDOperationList.m */; };
		4E8E798C1820ECBB005CA37A /* DownloadModel.m in Sources */ = {isa = PBXBuildFile; fileRef = 4E8E798B1820ECBB005CA37A /* DownloadModel.m */; };
		4E8E798F182108CF005CA37A /* ZYDataCenter.m in Sources */ = {isa = PBXBuildFile; fileRef = 4E8E798E182108CF005CA37A /* ZYDataCenter.m */; };
		4EBDDF27181BDA0100FCE190 /* ZYCourseDetailViewController.m in Sources */ = {isa = PBXBuildFile; fileRef = 4EBDDF26181BDA0100FCE190 /* ZYCourseDetailViewController.m */; };
		4EBDDF2A181BDA9400FCE190 /* BaseListViewController.m in Sources */ = {isa = PBXBuildFile; fileRef = 4EBDDF29181BDA9400FCE190 /* BaseListViewController.m */; };
		4EBDDF2C181BF29A00FCE190 /* MediaPlayer.framework in Frameworks */ = {isa = PBXBuildFile; fileRef = 4EBDDF2B181BF29A00FCE190 /* MediaPlayer.framework */; };
		4EC93E9D181BF3080066434F /* VedioViewController.m in Sources */ = {isa = PBXBuildFile; fileRef = 4EC93E9C181BF3080066434F /* VedioViewController.m */; };
		4EEA410A181BC02100623BCC /* ZYCourseListViewController.m in Sources */ = {isa = PBXBuildFile; fileRef = 4EEA4109181BC02100623BCC /* ZYCourseListViewController.m */; };
		4EEA410D181BC4C600623BCC /* NetModel.m in Sources */ = {isa = PBXBuildFile; fileRef = 4EEA410C181BC4C600623BCC /* NetModel.m */; };
		4EEA4111181BC4CC00623BCC /* JsonData.m in Sources */ = {isa = PBXBuildFile; fileRef = 4EEA4110181BC4CC00623BCC /* JsonData.m */; };
		4EEA412E181BC55D00623BCC /* NSObject+SBJson.m in Sources */ = {isa = PBXBuildFile; fileRef = 4EEA4116181BC55D00623BCC /* NSObject+SBJson.m */; settings = {COMPILER_FLAGS = "-fno-objc-arc"; }; };
		4EEA412F181BC55D00623BCC /* SBJsonParser.m in Sources */ = {isa = PBXBuildFile; fileRef = 4EEA4119181BC55D00623BCC /* SBJsonParser.m */; settings = {COMPILER_FLAGS = "-fno-objc-arc"; }; };
		4EEA4130181BC55D00623BCC /* SBJsonStreamParser.m in Sources */ = {isa = PBXBuildFile; fileRef = 4EEA411B181BC55D00623BCC /* SBJsonStreamParser.m */; settings = {COMPILER_FLAGS = "-fno-objc-arc"; }; };
		4EEA4131181BC55D00623BCC /* SBJsonStreamParserAccumulator.m in Sources */ = {isa = PBXBuildFile; fileRef = 4EEA411D181BC55D00623BCC /* SBJsonStreamParserAccumulator.m */; settings = {COMPILER_FLAGS = "-fno-objc-arc"; }; };
		4EEA4132181BC55D00623BCC /* SBJsonStreamParserAdapter.m in Sources */ = {isa = PBXBuildFile; fileRef = 4EEA411F181BC55D00623BCC /* SBJsonStreamParserAdapter.m */; settings = {COMPILER_FLAGS = "-fno-objc-arc"; }; };
		4EEA4133181BC55D00623BCC /* SBJsonStreamParserState.m in Sources */ = {isa = PBXBuildFile; fileRef = 4EEA4121181BC55D00623BCC /* SBJsonStreamParserState.m */; settings = {COMPILER_FLAGS = "-fno-objc-arc"; }; };
		4EEA4134181BC55D00623BCC /* SBJsonStreamWriter.m in Sources */ = {isa = PBXBuildFile; fileRef = 4EEA4123181BC55D00623BCC /* SBJsonStreamWriter.m */; settings = {COMPILER_FLAGS = "-fno-objc-arc"; }; };
		4EEA4135181BC55D00623BCC /* SBJsonStreamWriterAccumulator.m in Sources */ = {isa = PBXBuildFile; fileRef = 4EEA4125181BC55D00623BCC /* SBJsonStreamWriterAccumulator.m */; settings = {COMPILER_FLAGS = "-fno-objc-arc"; }; };
		4EEA4136181BC55D00623BCC /* SBJsonStreamWriterState.m in Sources */ = {isa = PBXBuildFile; fileRef = 4EEA4127181BC55D00623BCC /* SBJsonStreamWriterState.m */; settings = {COMPILER_FLAGS = "-fno-objc-arc"; }; };
		4EEA4137181BC55D00623BCC /* SBJsonTokeniser.m in Sources */ = {isa = PBXBuildFile; fileRef = 4EEA4129181BC55D00623BCC /* SBJsonTokeniser.m */; settings = {COMPILER_FLAGS = "-fno-objc-arc"; }; };
		4EEA4138181BC55D00623BCC /* SBJsonUTF8Stream.m in Sources */ = {isa = PBXBuildFile; fileRef = 4EEA412B181BC55D00623BCC /* SBJsonUTF8Stream.m */; settings = {COMPILER_FLAGS = "-fno-objc-arc"; }; };
		4EEA4139181BC55D00623BCC /* SBJsonWriter.m in Sources */ = {isa = PBXBuildFile; fileRef = 4EEA412D181BC55D00623BCC /* SBJsonWriter.m */; settings = {COMPILER_FLAGS = "-fno-objc-arc"; }; };
/* End PBXBuildFile section */

/* Begin PBXContainerItemProxy section */
		4E4FCDD1181BAD690025F633 /* PBXContainerItemProxy */ = {
			isa = PBXContainerItemProxy;
			containerPortal = 4E4FCDA9181BAD690025F633 /* Project object */;
			proxyType = 1;
			remoteGlobalIDString = 4E4FCDB0181BAD690025F633;
			remoteInfo = Ziyue;
		};
/* End PBXContainerItemProxy section */

/* Begin PBXFileReference section */
		4E20A85E181BBE3700C60380 /* CFNetwork.framework */ = {isa = PBXFileReference; lastKnownFileType = wrapper.framework; name = CFNetwork.framework; path = System/Library/Frameworks/CFNetwork.framework; sourceTree = SDKROOT; };
		4E20A860181BBE4300C60380 /* SystemConfiguration.framework */ = {isa = PBXFileReference; lastKnownFileType = wrapper.framework; name = SystemConfiguration.framework; path = System/Library/Frameworks/SystemConfiguration.framework; sourceTree = SDKROOT; };
		4E3660B3181BBE640005A327 /* MobileCoreServices.framework */ = {isa = PBXFileReference; lastKnownFileType = wrapper.framework; name = MobileCoreServices.framework; path = System/Library/Frameworks/MobileCoreServices.framework; sourceTree = SDKROOT; };
		4E3660B5181BBE890005A327 /* libz.1.1.3.dylib */ = {isa = PBXFileReference; lastKnownFileType = "compiled.mach-o.dylib"; name = libz.1.1.3.dylib; path = usr/lib/libz.1.1.3.dylib; sourceTree = SDKROOT; };
		4E3660B7181BBEA40005A327 /* libxml2.2.dylib */ = {isa = PBXFileReference; lastKnownFileType = "compiled.mach-o.dylib"; name = libxml2.2.dylib; path = usr/lib/libxml2.2.dylib; sourceTree = SDKROOT; };
		4E3660B9181BBEAD0005A327 /* libxml2.dylib */ = {isa = PBXFileReference; lastKnownFileType = "compiled.mach-o.dylib"; name = libxml2.dylib; path = usr/lib/libxml2.dylib; sourceTree = SDKROOT; };
		4E46EC3D182145C700E1B5D5 /* ZYCourse.h */ = {isa = PBXFileReference; fileEncoding = 4; lastKnownFileType = sourcecode.c.h; path = ZYCourse.h; sourceTree = "<group>"; };
		4E46EC3E182145C700E1B5D5 /* ZYCourse.m */ = {isa = PBXFileReference; fileEncoding = 4; lastKnownFileType = sourcecode.c.objc; path = ZYCourse.m; sourceTree = "<group>"; };
		4E46EC40182145D700E1B5D5 /* ZYChapter.h */ = {isa = PBXFileReference; fileEncoding = 4; lastKnownFileType = sourcecode.c.h; path = ZYChapter.h; sourceTree = "<group>"; };
		4E46EC41182145D700E1B5D5 /* ZYChapter.m */ = {isa = PBXFileReference; fileEncoding = 4; lastKnownFileType = sourcecode.c.objc; path = ZYChapter.m; sourceTree = "<group>"; };
		4E4D5FF7181FE86C0043638E /* MKAnnotationView+WebCache.h */ = {isa = PBXFileReference; fileEncoding = 4; lastKnownFileType = sourcecode.c.h; path = "MKAnnotationView+WebCache.h"; sourceTree = "<group>"; };
		4E4D5FF8181FE86C0043638E /* MKAnnotationView+WebCache.m */ = {isa = PBXFileReference; fileEncoding = 4; lastKnownFileType = sourcecode.c.objc; path = "MKAnnotationView+WebCache.m"; sourceTree = "<group>"; };
		4E4D5FF9181FE86C0043638E /* NSData+GIF.h */ = {isa = PBXFileReference; fileEncoding = 4; lastKnownFileType = sourcecode.c.h; path = "NSData+GIF.h"; sourceTree = "<group>"; };
		4E4D5FFA181FE86C0043638E /* NSData+GIF.m */ = {isa = PBXFileReference; fileEncoding = 4; lastKnownFileType = sourcecode.c.objc; path = "NSData+GIF.m"; sourceTree = "<group>"; };
		4E4D5FFB181FE86C0043638E /* SDImageCache.h */ = {isa = PBXFileReference; fileEncoding = 4; lastKnownFileType = sourcecode.c.h; path = SDImageCache.h; sourceTree = "<group>"; };
		4E4D5FFC181FE86C0043638E /* SDImageCache.m */ = {isa = PBXFileReference; fileEncoding = 4; lastKnownFileType = sourcecode.c.objc; path = SDImageCache.m; sourceTree = "<group>"; };
		4E4D5FFD181FE86C0043638E /* SDWebImageCompat.h */ = {isa = PBXFileReference; fileEncoding = 4; lastKnownFileType = sourcecode.c.h; path = SDWebImageCompat.h; sourceTree = "<group>"; };
		4E4D5FFE181FE86C0043638E /* SDWebImageCompat.m */ = {isa = PBXFileReference; fileEncoding = 4; lastKnownFileType = sourcecode.c.objc; path = SDWebImageCompat.m; sourceTree = "<group>"; };
		4E4D5FFF181FE86C0043638E /* SDWebImageDecoder.h */ = {isa = PBXFileReference; fileEncoding = 4; lastKnownFileType = sourcecode.c.h; path = SDWebImageDecoder.h; sourceTree = "<group>"; };
		4E4D6000181FE86C0043638E /* SDWebImageDecoder.m */ = {isa = PBXFileReference; fileEncoding = 4; lastKnownFileType = sourcecode.c.objc; path = SDWebImageDecoder.m; sourceTree = "<group>"; };
		4E4D6001181FE86C0043638E /* SDWebImageDownloader.h */ = {isa = PBXFileReference; fileEncoding = 4; lastKnownFileType = sourcecode.c.h; path = SDWebImageDownloader.h; sourceTree = "<group>"; };
		4E4D6002181FE86C0043638E /* SDWebImageDownloader.m */ = {isa = PBXFileReference; fileEncoding = 4; lastKnownFileType = sourcecode.c.objc; path = SDWebImageDownloader.m; sourceTree = "<group>"; };
		4E4D6003181FE86C0043638E /* SDWebImageDownloaderOperation.h */ = {isa = PBXFileReference; fileEncoding = 4; lastKnownFileType = sourcecode.c.h; path = SDWebImageDownloaderOperation.h; sourceTree = "<group>"; };
		4E4D6004181FE86C0043638E /* SDWebImageDownloaderOperation.m */ = {isa = PBXFileReference; fileEncoding = 4; lastKnownFileType = sourcecode.c.objc; path = SDWebImageDownloaderOperation.m; sourceTree = "<group>"; };
		4E4D6005181FE86C0043638E /* SDWebImageManager.h */ = {isa = PBXFileReference; fileEncoding = 4; lastKnownFileType = sourcecode.c.h; path = SDWebImageManager.h; sourceTree = "<group>"; };
		4E4D6006181FE86C0043638E /* SDWebImageManager.m */ = {isa = PBXFileReference; fileEncoding = 4; lastKnownFileType = sourcecode.c.objc; path = SDWebImageManager.m; sourceTree = "<group>"; };
		4E4D6007181FE86C0043638E /* SDWebImageOperation.h */ = {isa = PBXFileReference; fileEncoding = 4; lastKnownFileType = sourcecode.c.h; path = SDWebImageOperation.h; sourceTree = "<group>"; };
		4E4D6008181FE86C0043638E /* SDWebImagePrefetcher.h */ = {isa = PBXFileReference; fileEncoding = 4; lastKnownFileType = sourcecode.c.h; path = SDWebImagePrefetcher.h; sourceTree = "<group>"; };
		4E4D6009181FE86C0043638E /* SDWebImagePrefetcher.m */ = {isa = PBXFileReference; fileEncoding = 4; lastKnownFileType = sourcecode.c.objc; path = SDWebImagePrefetcher.m; sourceTree = "<group>"; };
		4E4D600A181FE86C0043638E /* UIButton+WebCache.h */ = {isa = PBXFileReference; fileEncoding = 4; lastKnownFileType = sourcecode.c.h; path = "UIButton+WebCache.h"; sourceTree = "<group>"; };
		4E4D600B181FE86C0043638E /* UIButton+WebCache.m */ = {isa = PBXFileReference; fileEncoding = 4; lastKnownFileType = sourcecode.c.objc; path = "UIButton+WebCache.m"; sourceTree = "<group>"; };
		4E4D600C181FE86C0043638E /* UIImage+GIF.h */ = {isa = PBXFileReference; fileEncoding = 4; lastKnownFileType = sourcecode.c.h; path = "UIImage+GIF.h"; sourceTree = "<group>"; };
		4E4D600D181FE86C0043638E /* UIImage+GIF.m */ = {isa = PBXFileReference; fileEncoding = 4; lastKnownFileType = sourcecode.c.objc; path = "UIImage+GIF.m"; sourceTree = "<group>"; };
		4E4D600E181FE86C0043638E /* UIImage+MultiFormat.h */ = {isa = PBXFileReference; fileEncoding = 4; lastKnownFileType = sourcecode.c.h; path = "UIImage+MultiFormat.h"; sourceTree = "<group>"; };
		4E4D600F181FE86C0043638E /* UIImage+MultiFormat.m */ = {isa = PBXFileReference; fileEncoding = 4; lastKnownFileType = sourcecode.c.objc; path = "UIImage+MultiFormat.m"; sourceTree = "<group>"; };
		4E4D6010181FE86C0043638E /* UIImage+WebP.h */ = {isa = PBXFileReference; fileEncoding = 4; lastKnownFileType = sourcecode.c.h; path = "UIImage+WebP.h"; sourceTree = "<group>"; };
		4E4D6011181FE86C0043638E /* UIImage+WebP.m */ = {isa = PBXFileReference; fileEncoding = 4; lastKnownFileType = sourcecode.c.objc; path = "UIImage+WebP.m"; sourceTree = "<group>"; };
		4E4D6012181FE86C0043638E /* UIImageView+WebCache.h */ = {isa = PBXFileReference; fileEncoding = 4; lastKnownFileType = sourcecode.c.h; path = "UIImageView+WebCache.h"; sourceTree = "<group>"; };
		4E4D6013181FE86C0043638E /* UIImageView+WebCache.m */ = {isa = PBXFileReference; fileEncoding = 4; lastKnownFileType = sourcecode.c.objc; path = "UIImageView+WebCache.m"; sourceTree = "<group>"; };
		4E4FCDB1181BAD690025F633 /* Ziyue.app */ = {isa = PBXFileReference; explicitFileType = wrapper.application; includeInIndex = 0; path = Ziyue.app; sourceTree = BUILT_PRODUCTS_DIR; };
		4E4FCDB4181BAD690025F633 /* Foundation.framework */ = {isa = PBXFileReference; lastKnownFileType = wrapper.framework; name = Foundation.framework; path = System/Library/Frameworks/Foundation.framework; sourceTree = SDKROOT; };
		4E4FCDB6181BAD690025F633 /* CoreGraphics.framework */ = {isa = PBXFileReference; lastKnownFileType = wrapper.framework; name = CoreGraphics.framework; path = System/Library/Frameworks/CoreGraphics.framework; sourceTree = SDKROOT; };
		4E4FCDB8181BAD690025F633 /* UIKit.framework */ = {isa = PBXFileReference; lastKnownFileType = wrapper.framework; name = UIKit.framework; path = System/Library/Frameworks/UIKit.framework; sourceTree = SDKROOT; };
		4E4FCDBC181BAD690025F633 /* Ziyue-Info.plist */ = {isa = PBXFileReference; lastKnownFileType = text.plist.xml; path = "Ziyue-Info.plist"; sourceTree = "<group>"; };
		4E4FCDBE181BAD690025F633 /* en */ = {isa = PBXFileReference; lastKnownFileType = text.plist.strings; name = en; path = en.lproj/InfoPlist.strings; sourceTree = "<group>"; };
		4E4FCDC0181BAD690025F633 /* main.m */ = {isa = PBXFileReference; lastKnownFileType = sourcecode.c.objc; path = main.m; sourceTree = "<group>"; };
		4E4FCDC2181BAD690025F633 /* Ziyue-Prefix.pch */ = {isa = PBXFileReference; lastKnownFileType = sourcecode.c.h; path = "Ziyue-Prefix.pch"; sourceTree = "<group>"; };
		4E4FCDC3181BAD690025F633 /* ZYAppDelegate.h */ = {isa = PBXFileReference; lastKnownFileType = sourcecode.c.h; path = ZYAppDelegate.h; sourceTree = "<group>"; };
		4E4FCDC4181BAD690025F633 /* ZYAppDelegate.m */ = {isa = PBXFileReference; lastKnownFileType = sourcecode.c.objc; path = ZYAppDelegate.m; sourceTree = "<group>"; };
		4E4FCDC6181BAD690025F633 /* Images.xcassets */ = {isa = PBXFileReference; lastKnownFileType = folder.assetcatalog; path = Images.xcassets; sourceTree = "<group>"; };
		4E4FCDCC181BAD690025F633 /* ZiyueTests.xctest */ = {isa = PBXFileReference; explicitFileType = wrapper.cfbundle; includeInIndex = 0; path = ZiyueTests.xctest; sourceTree = BUILT_PRODUCTS_DIR; };
		4E4FCDCD181BAD690025F633 /* XCTest.framework */ = {isa = PBXFileReference; lastKnownFileType = wrapper.framework; name = XCTest.framework; path = Library/Frameworks/XCTest.framework; sourceTree = DEVELOPER_DIR; };
		4E4FCDD5181BAD690025F633 /* ZiyueTests-Info.plist */ = {isa = PBXFileReference; lastKnownFileType = text.plist.xml; path = "ZiyueTests-Info.plist"; sourceTree = "<group>"; };
		4E4FCDD7181BAD690025F633 /* en */ = {isa = PBXFileReference; lastKnownFileType = text.plist.strings; name = en; path = en.lproj/InfoPlist.strings; sourceTree = "<group>"; };
		4E4FCDD9181BAD690025F633 /* ZiyueTests.m */ = {isa = PBXFileReference; lastKnownFileType = sourcecode.c.objc; path = ZiyueTests.m; sourceTree = "<group>"; };
		4E4FCDE3181BAEDE0025F633 /* BaseViewController.h */ = {isa = PBXFileReference; fileEncoding = 4; lastKnownFileType = sourcecode.c.h; path = BaseViewController.h; sourceTree = "<group>"; };
		4E4FCDE4181BAEDE0025F633 /* BaseViewController.m */ = {isa = PBXFileReference; fileEncoding = 4; lastKnownFileType = sourcecode.c.objc; path = BaseViewController.m; sourceTree = "<group>"; };
		4E4FCDE6181BAF020025F633 /* Utility.h */ = {isa = PBXFileReference; fileEncoding = 4; lastKnownFileType = sourcecode.c.h; path = Utility.h; sourceTree = "<group>"; };
		4E4FCDE7181BAF020025F633 /* Utility.m */ = {isa = PBXFileReference; fileEncoding = 4; lastKnownFileType = sourcecode.c.objc; path = Utility.m; sourceTree = "<group>"; };
		4E4FCDE9181BB0A20025F633 /* ZYViewController.h */ = {isa = PBXFileReference; fileEncoding = 4; lastKnownFileType = sourcecode.c.h; path = ZYViewController.h; sourceTree = "<group>"; };
		4E4FCDEA181BB0A20025F633 /* ZYViewController.m */ = {isa = PBXFileReference; fileEncoding = 4; lastKnownFileType = sourcecode.c.objc; path = ZYViewController.m; sourceTree = "<group>"; };
		4E4FCDEF181BBC010025F633 /* ASIAuthenticationDialog.h */ = {isa = PBXFileReference; fileEncoding = 4; lastKnownFileType = sourcecode.c.h; path = ASIAuthenticationDialog.h; sourceTree = "<group>"; };
		4E4FCDF0181BBC010025F633 /* ASIAuthenticationDialog.m */ = {isa = PBXFileReference; fileEncoding = 4; lastKnownFileType = sourcecode.c.objc; path = ASIAuthenticationDialog.m; sourceTree = "<group>"; };
		4E4FCDF1181BBC010025F633 /* ASICacheDelegate.h */ = {isa = PBXFileReference; fileEncoding = 4; lastKnownFileType = sourcecode.c.h; path = ASICacheDelegate.h; sourceTree = "<group>"; };
		4E4FCDF2181BBC010025F633 /* ASIDataCompressor.h */ = {isa = PBXFileReference; fileEncoding = 4; lastKnownFileType = sourcecode.c.h; path = ASIDataCompressor.h; sourceTree = "<group>"; };
		4E4FCDF3181BBC010025F633 /* ASIDataCompressor.m */ = {isa = PBXFileReference; fileEncoding = 4; lastKnownFileType = sourcecode.c.objc; path = ASIDataCompressor.m; sourceTree = "<group>"; };
		4E4FCDF4181BBC010025F633 /* ASIDataDecompressor.h */ = {isa = PBXFileReference; fileEncoding = 4; lastKnownFileType = sourcecode.c.h; path = ASIDataDecompressor.h; sourceTree = "<group>"; };
		4E4FCDF5181BBC010025F633 /* ASIDataDecompressor.m */ = {isa = PBXFileReference; fileEncoding = 4; lastKnownFileType = sourcecode.c.objc; path = ASIDataDecompressor.m; sourceTree = "<group>"; };
		4E4FCDF6181BBC010025F633 /* ASIDownloadCache.h */ = {isa = PBXFileReference; fileEncoding = 4; lastKnownFileType = sourcecode.c.h; path = ASIDownloadCache.h; sourceTree = "<group>"; };
		4E4FCDF7181BBC010025F633 /* ASIDownloadCache.m */ = {isa = PBXFileReference; fileEncoding = 4; lastKnownFileType = sourcecode.c.objc; path = ASIDownloadCache.m; sourceTree = "<group>"; };
		4E4FCDF8181BBC010025F633 /* ASIFormDataRequest.h */ = {isa = PBXFileReference; fileEncoding = 4; lastKnownFileType = sourcecode.c.h; path = ASIFormDataRequest.h; sourceTree = "<group>"; };
		4E4FCDF9181BBC010025F633 /* ASIFormDataRequest.m */ = {isa = PBXFileReference; fileEncoding = 4; lastKnownFileType = sourcecode.c.objc; path = ASIFormDataRequest.m; sourceTree = "<group>"; };
		4E4FCDFA181BBC010025F633 /* ASIHTTPRequest.h */ = {isa = PBXFileReference; fileEncoding = 4; lastKnownFileType = sourcecode.c.h; path = ASIHTTPRequest.h; sourceTree = "<group>"; };
		4E4FCDFB181BBC010025F633 /* ASIHTTPRequest.m */ = {isa = PBXFileReference; fileEncoding = 4; lastKnownFileType = sourcecode.c.objc; path = ASIHTTPRequest.m; sourceTree = "<group>"; };
		4E4FCDFC181BBC010025F633 /* ASIHTTPRequestConfig.h */ = {isa = PBXFileReference; fileEncoding = 4; lastKnownFileType = sourcecode.c.h; path = ASIHTTPRequestConfig.h; sourceTree = "<group>"; };
		4E4FCDFD181BBC010025F633 /* ASIHTTPRequestDelegate.h */ = {isa = PBXFileReference; fileEncoding = 4; lastKnownFileType = sourcecode.c.h; path = ASIHTTPRequestDelegate.h; sourceTree = "<group>"; };
		4E4FCDFE181BBC010025F633 /* ASIInputStream.h */ = {isa = PBXFileReference; fileEncoding = 4; lastKnownFileType = sourcecode.c.h; path = ASIInputStream.h; sourceTree = "<group>"; };
		4E4FCDFF181BBC010025F633 /* ASIInputStream.m */ = {isa = PBXFileReference; fileEncoding = 4; lastKnownFileType = sourcecode.c.objc; path = ASIInputStream.m; sourceTree = "<group>"; };
		4E4FCE00181BBC010025F633 /* ASINetworkQueue.h */ = {isa = PBXFileReference; fileEncoding = 4; lastKnownFileType = sourcecode.c.h; path = ASINetworkQueue.h; sourceTree = "<group>"; };
		4E4FCE01181BBC010025F633 /* ASINetworkQueue.m */ = {isa = PBXFileReference; fileEncoding = 4; lastKnownFileType = sourcecode.c.objc; path = ASINetworkQueue.m; sourceTree = "<group>"; };
		4E4FCE02181BBC010025F633 /* ASIProgressDelegate.h */ = {isa = PBXFileReference; fileEncoding = 4; lastKnownFileType = sourcecode.c.h; path = ASIProgressDelegate.h; sourceTree = "<group>"; };
		4E4FCE04181BBC010025F633 /* ASIWebPageRequest.h */ = {isa = PBXFileReference; fileEncoding = 4; lastKnownFileType = sourcecode.c.h; path = ASIWebPageRequest.h; sourceTree = "<group>"; };
		4E4FCE05181BBC010025F633 /* ASIWebPageRequest.m */ = {isa = PBXFileReference; fileEncoding = 4; lastKnownFileType = sourcecode.c.objc; path = ASIWebPageRequest.m; sourceTree = "<group>"; };
		4E4FCE07181BBC010025F633 /* ASICloudFilesCDNRequest.h */ = {isa = PBXFileReference; fileEncoding = 4; lastKnownFileType = sourcecode.c.h; path = ASICloudFilesCDNRequest.h; sourceTree = "<group>"; };
		4E4FCE08181BBC010025F633 /* ASICloudFilesCDNRequest.m */ = {isa = PBXFileReference; fileEncoding = 4; lastKnownFileType = sourcecode.c.objc; path = ASICloudFilesCDNRequest.m; sourceTree = "<group>"; };
		4E4FCE09181BBC010025F633 /* ASICloudFilesContainer.h */ = {isa = PBXFileReference; fileEncoding = 4; lastKnownFileType = sourcecode.c.h; path = ASICloudFilesContainer.h; sourceTree = "<group>"; };
		4E4FCE0A181BBC010025F633 /* ASICloudFilesContainer.m */ = {isa = PBXFileReference; fileEncoding = 4; lastKnownFileType = sourcecode.c.objc; path = ASICloudFilesContainer.m; sourceTree = "<group>"; };
		4E4FCE0B181BBC010025F633 /* ASICloudFilesContainerRequest.h */ = {isa = PBXFileReference; fileEncoding = 4; lastKnownFileType = sourcecode.c.h; path = ASICloudFilesContainerRequest.h; sourceTree = "<group>"; };
		4E4FCE0C181BBC010025F633 /* ASICloudFilesContainerRequest.m */ = {isa = PBXFileReference; fileEncoding = 4; lastKnownFileType = sourcecode.c.objc; path = ASICloudFilesContainerRequest.m; sourceTree = "<group>"; };
		4E4FCE0D181BBC010025F633 /* ASICloudFilesContainerXMLParserDelegate.h */ = {isa = PBXFileReference; fileEncoding = 4; lastKnownFileType = sourcecode.c.h; path = ASICloudFilesContainerXMLParserDelegate.h; sourceTree = "<group>"; };
		4E4FCE0E181BBC010025F633 /* ASICloudFilesContainerXMLParserDelegate.m */ = {isa = PBXFileReference; fileEncoding = 4; lastKnownFileType = sourcecode.c.objc; path = ASICloudFilesContainerXMLParserDelegate.m; sourceTree = "<group>"; };
		4E4FCE0F181BBC010025F633 /* ASICloudFilesObject.h */ = {isa = PBXFileReference; fileEncoding = 4; lastKnownFileType = sourcecode.c.h; path = ASICloudFilesObject.h; sourceTree = "<group>"; };
		4E4FCE10181BBC010025F633 /* ASICloudFilesObject.m */ = {isa = PBXFileReference; fileEncoding = 4; lastKnownFileType = sourcecode.c.objc; path = ASICloudFilesObject.m; sourceTree = "<group>"; };
		4E4FCE11181BBC010025F633 /* ASICloudFilesObjectRequest.h */ = {isa = PBXFileReference; fileEncoding = 4; lastKnownFileType = sourcecode.c.h; path = ASICloudFilesObjectRequest.h; sourceTree = "<group>"; };
		4E4FCE12181BBC010025F633 /* ASICloudFilesObjectRequest.m */ = {isa = PBXFileReference; fileEncoding = 4; lastKnownFileType = sourcecode.c.objc; path = ASICloudFilesObjectRequest.m; sourceTree = "<group>"; };
		4E4FCE13181BBC010025F633 /* ASICloudFilesRequest.h */ = {isa = PBXFileReference; fileEncoding = 4; lastKnownFileType = sourcecode.c.h; path = ASICloudFilesRequest.h; sourceTree = "<group>"; };
		4E4FCE14181BBC010025F633 /* ASICloudFilesRequest.m */ = {isa = PBXFileReference; fileEncoding = 4; lastKnownFileType = sourcecode.c.objc; path = ASICloudFilesRequest.m; sourceTree = "<group>"; };
		4E4FCE16181BBC010025F633 /* ASINSXMLParserCompat.h */ = {isa = PBXFileReference; fileEncoding = 4; lastKnownFileType = sourcecode.c.h; path = ASINSXMLParserCompat.h; sourceTree = "<group>"; };
		4E4FCE17181BBC010025F633 /* ASIS3Bucket.h */ = {isa = PBXFileReference; fileEncoding = 4; lastKnownFileType = sourcecode.c.h; path = ASIS3Bucket.h; sourceTree = "<group>"; };
		4E4FCE18181BBC010025F633 /* ASIS3Bucket.m */ = {isa = PBXFileReference; fileEncoding = 4; lastKnownFileType = sourcecode.c.objc; path = ASIS3Bucket.m; sourceTree = "<group>"; };
		4E4FCE19181BBC010025F633 /* ASIS3BucketObject.h */ = {isa = PBXFileReference; fileEncoding = 4; lastKnownFileType = sourcecode.c.h; path = ASIS3BucketObject.h; sourceTree = "<group>"; };
		4E4FCE1A181BBC010025F633 /* ASIS3BucketObject.m */ = {isa = PBXFileReference; fileEncoding = 4; lastKnownFileType = sourcecode.c.objc; path = ASIS3BucketObject.m; sourceTree = "<group>"; };
		4E4FCE1B181BBC010025F633 /* ASIS3BucketRequest.h */ = {isa = PBXFileReference; fileEncoding = 4; lastKnownFileType = sourcecode.c.h; path = ASIS3BucketRequest.h; sourceTree = "<group>"; };
		4E4FCE1C181BBC010025F633 /* ASIS3BucketRequest.m */ = {isa = PBXFileReference; fileEncoding = 4; lastKnownFileType = sourcecode.c.objc; path = ASIS3BucketRequest.m; sourceTree = "<group>"; };
		4E4FCE1D181BBC010025F633 /* ASIS3ObjectRequest.h */ = {isa = PBXFileReference; fileEncoding = 4; lastKnownFileType = sourcecode.c.h; path = ASIS3ObjectRequest.h; sourceTree = "<group>"; };
		4E4FCE1E181BBC010025F633 /* ASIS3ObjectRequest.m */ = {isa = PBXFileReference; fileEncoding = 4; lastKnownFileType = sourcecode.c.objc; path = ASIS3ObjectRequest.m; sourceTree = "<group>"; };
		4E4FCE1F181BBC010025F633 /* ASIS3Request.h */ = {isa = PBXFileReference; fileEncoding = 4; lastKnownFileType = sourcecode.c.h; path = ASIS3Request.h; sourceTree = "<group>"; };
		4E4FCE20181BBC010025F633 /* ASIS3Request.m */ = {isa = PBXFileReference; fileEncoding = 4; lastKnownFileType = sourcecode.c.objc; path = ASIS3Request.m; sourceTree = "<group>"; };
		4E4FCE21181BBC010025F633 /* ASIS3ServiceRequest.h */ = {isa = PBXFileReference; fileEncoding = 4; lastKnownFileType = sourcecode.c.h; path = ASIS3ServiceRequest.h; sourceTree = "<group>"; };
		4E4FCE22181BBC010025F633 /* ASIS3ServiceRequest.m */ = {isa = PBXFileReference; fileEncoding = 4; lastKnownFileType = sourcecode.c.objc; path = ASIS3ServiceRequest.m; sourceTree = "<group>"; };
		4E4FCE24181BBC010025F633 /* Reachability.h */ = {isa = PBXFileReference; fileEncoding = 4; lastKnownFileType = sourcecode.c.h; path = Reachability.h; sourceTree = "<group>"; };
		4E4FCE25181BBC010025F633 /* Reachability.m */ = {isa = PBXFileReference; fileEncoding = 4; lastKnownFileType = sourcecode.c.objc; path = Reachability.m; sourceTree = "<group>"; };
		4E8E79711820E23F005CA37A /* FMDatabase.h */ = {isa = PBXFileReference; fileEncoding = 4; lastKnownFileType = sourcecode.c.h; path = FMDatabase.h; sourceTree = "<group>"; };
		4E8E79721820E23F005CA37A /* FMDatabase.m */ = {isa = PBXFileReference; fileEncoding = 4; lastKnownFileType = sourcecode.c.objc; path = FMDatabase.m; sourceTree = "<group>"; };
		4E8E79731820E23F005CA37A /* FMDatabaseAdditions.h */ = {isa = PBXFileReference; fileEncoding = 4; lastKnownFileType = sourcecode.c.h; path = FMDatabaseAdditions.h; sourceTree = "<group>"; };
		4E8E79741820E23F005CA37A /* FMDatabaseAdditions.m */ = {isa = PBXFileReference; fileEncoding = 4; lastKnownFileType = sourcecode.c.objc; path = FMDatabaseAdditions.m; sourceTree = "<group>"; };
		4E8E79751820E23F005CA37A /* FMDatabasePool.h */ = {isa = PBXFileReference; fileEncoding = 4; lastKnownFileType = sourcecode.c.h; path = FMDatabasePool.h; sourceTree = "<group>"; };
		4E8E79761820E23F005CA37A /* FMDatabasePool.m */ = {isa = PBXFileReference; fileEncoding = 4; lastKnownFileType = sourcecode.c.objc; path = FMDatabasePool.m; sourceTree = "<group>"; };
		4E8E79771820E23F005CA37A /* FMDatabaseQueue.h */ = {isa = PBXFileReference; fileEncoding = 4; lastKnownFileType = sourcecode.c.h; path = FMDatabaseQueue.h; sourceTree = "<group>"; };
		4E8E79781820E23F005CA37A /* FMDatabaseQueue.m */ = {isa = PBXFileReference; fileEncoding = 4; lastKnownFileType = sourcecode.c.objc; path = FMDatabaseQueue.m; sourceTree = "<group>"; };
		4E8E79791820E23F005CA37A /* FMResultSet.h */ = {isa = PBXFileReference; fileEncoding = 4; lastKnownFileType = sourcecode.c.h; path = FMResultSet.h; sourceTree = "<group>"; };
		4E8E797A1820E23F005CA37A /* FMResultSet.m */ = {isa = PBXFileReference; fileEncoding = 4; lastKnownFileType = sourcecode.c.objc; path = FMResultSet.m; sourceTree = "<group>"; };
		4E8E79801820E268005CA37A /* libsqlite3.dylib */ = {isa = PBXFileReference; lastKnownFileType = "compiled.mach-o.dylib"; name = libsqlite3.dylib; path = usr/lib/libsqlite3.dylib; sourceTree = SDKROOT; };
		4E8E79831820E7CD005CA37A /* HDBHelper.h */ = {isa = PBXFileReference; fileEncoding = 4; lastKnownFileType = sourcecode.c.h; path = HDBHelper.h; sourceTree = "<group>"; };
		4E8E79841820E7CD005CA37A /* HDBHelper.m */ = {isa = PBXFileReference; fileEncoding = 4; lastKnownFileType = sourcecode.c.objc; path = HDBHelper.m; sourceTree = "<group>"; };
		4E8E79851820E7CD005CA37A /* HDOperationList.h */ = {isa = PBXFileReference; fileEncoding = 4; lastKnownFileType = sourcecode.c.h; path = HDOperationList.h; sourceTree = "<group>"; };
		4E8E79861820E7CD005CA37A /* HDOperationList.m */ = {isa = PBXFileReference; fileEncoding = 4; lastKnownFileType = sourcecode.c.objc; path = HDOperationList.m; sourceTree = "<group>"; };
		4E8E798A1820ECBB005CA37A /* DownloadModel.h */ = {isa = PBXFileReference; fileEncoding = 4; lastKnownFileType = sourcecode.c.h; path = DownloadModel.h; sourceTree = "<group>"; };
		4E8E798B1820ECBB005CA37A /* DownloadModel.m */ = {isa = PBXFileReference; fileEncoding = 4; lastKnownFileType = sourcecode.c.objc; path = DownloadModel.m; sourceTree = "<group>"; };
		4E8E798D182108CF005CA37A /* ZYDataCenter.h */ = {isa = PBXFileReference; fileEncoding = 4; lastKnownFileType = sourcecode.c.h; path = ZYDataCenter.h; sourceTree = "<group>"; };
		4E8E798E182108CF005CA37A /* ZYDataCenter.m */ = {isa = PBXFileReference; fileEncoding = 4; lastKnownFileType = sourcecode.c.objc; path = ZYDataCenter.m; sourceTree = "<group>"; };
		4EBDDF25181BDA0100FCE190 /* ZYCourseDetailViewController.h */ = {isa = PBXFileReference; fileEncoding = 4; lastKnownFileType = sourcecode.c.h; path = ZYCourseDetailViewController.h; sourceTree = "<group>"; };
		4EBDDF26181BDA0100FCE190 /* ZYCourseDetailViewController.m */ = {isa = PBXFileReference; fileEncoding = 4; lastKnownFileType = sourcecode.c.objc; path = ZYCourseDetailViewController.m; sourceTree = "<group>"; };
		4EBDDF28181BDA9400FCE190 /* BaseListViewController.h */ = {isa = PBXFileReference; fileEncoding = 4; lastKnownFileType = sourcecode.c.h; path = BaseListViewController.h; sourceTree = "<group>"; };
		4EBDDF29181BDA9400FCE190 /* BaseListViewController.m */ = {isa = PBXFileReference; fileEncoding = 4; lastKnownFileType = sourcecode.c.objc; path = BaseListViewController.m; sourceTree = "<group>"; };
		4EBDDF2B181BF29A00FCE190 /* MediaPlayer.framework */ = {isa = PBXFileReference; lastKnownFileType = wrapper.framework; name = MediaPlayer.framework; path = System/Library/Frameworks/MediaPlayer.framework; sourceTree = SDKROOT; };
		4EC93E9B181BF3080066434F /* VedioViewController.h */ = {isa = PBXFileReference; fileEncoding = 4; lastKnownFileType = sourcecode.c.h; path = VedioViewController.h; sourceTree = "<group>"; };
		4EC93E9C181BF3080066434F /* VedioViewController.m */ = {isa = PBXFileReference; fileEncoding = 4; lastKnownFileType = sourcecode.c.objc; path = VedioViewController.m; sourceTree = "<group>"; };
		4EEA4108181BC02100623BCC /* ZYCourseListViewController.h */ = {isa = PBXFileReference; fileEncoding = 4; lastKnownFileType = sourcecode.c.h; path = ZYCourseListViewController.h; sourceTree = "<group>"; };
		4EEA4109181BC02100623BCC /* ZYCourseListViewController.m */ = {isa = PBXFileReference; fileEncoding = 4; lastKnownFileType = sourcecode.c.objc; path = ZYCourseListViewController.m; sourceTree = "<group>"; };
		4EEA410B181BC4C600623BCC /* NetModel.h */ = {isa = PBXFileReference; fileEncoding = 4; lastKnownFileType = sourcecode.c.h; path = NetModel.h; sourceTree = "<group>"; };
		4EEA410C181BC4C600623BCC /* NetModel.m */ = {isa = PBXFileReference; fileEncoding = 4; lastKnownFileType = sourcecode.c.objc; path = NetModel.m; sourceTree = "<group>"; };
		4EEA410F181BC4CC00623BCC /* JsonData.h */ = {isa = PBXFileReference; fileEncoding = 4; lastKnownFileType = sourcecode.c.h; path = JsonData.h; sourceTree = "<group>"; };
		4EEA4110181BC4CC00623BCC /* JsonData.m */ = {isa = PBXFileReference; fileEncoding = 4; lastKnownFileType = sourcecode.c.objc; path = JsonData.m; sourceTree = "<group>"; };
		4EEA4114181BC55D00623BCC /* JSON.h */ = {isa = PBXFileReference; fileEncoding = 4; lastKnownFileType = sourcecode.c.h; path = JSON.h; sourceTree = "<group>"; };
		4EEA4115181BC55D00623BCC /* NSObject+SBJson.h */ = {isa = PBXFileReference; fileEncoding = 4; lastKnownFileType = sourcecode.c.h; path = "NSObject+SBJson.h"; sourceTree = "<group>"; };
		4EEA4116181BC55D00623BCC /* NSObject+SBJson.m */ = {isa = PBXFileReference; fileEncoding = 4; lastKnownFileType = sourcecode.c.objc; path = "NSObject+SBJson.m"; sourceTree = "<group>"; };
		4EEA4117181BC55D00623BCC /* SBJson.h */ = {isa = PBXFileReference; fileEncoding = 4; lastKnownFileType = sourcecode.c.h; path = SBJson.h; sourceTree = "<group>"; };
		4EEA4118181BC55D00623BCC /* SBJsonParser.h */ = {isa = PBXFileReference; fileEncoding = 4; lastKnownFileType = sourcecode.c.h; path = SBJsonParser.h; sourceTree = "<group>"; };
		4EEA4119181BC55D00623BCC /* SBJsonParser.m */ = {isa = PBXFileReference; fileEncoding = 4; lastKnownFileType = sourcecode.c.objc; path = SBJsonParser.m; sourceTree = "<group>"; };
		4EEA411A181BC55D00623BCC /* SBJsonStreamParser.h */ = {isa = PBXFileReference; fileEncoding = 4; lastKnownFileType = sourcecode.c.h; path = SBJsonStreamParser.h; sourceTree = "<group>"; };
		4EEA411B181BC55D00623BCC /* SBJsonStreamParser.m */ = {isa = PBXFileReference; fileEncoding = 4; lastKnownFileType = sourcecode.c.objc; path = SBJsonStreamParser.m; sourceTree = "<group>"; };
		4EEA411C181BC55D00623BCC /* SBJsonStreamParserAccumulator.h */ = {isa = PBXFileReference; fileEncoding = 4; lastKnownFileType = sourcecode.c.h; path = SBJsonStreamParserAccumulator.h; sourceTree = "<group>"; };
		4EEA411D181BC55D00623BCC /* SBJsonStreamParserAccumulator.m */ = {isa = PBXFileReference; fileEncoding = 4; lastKnownFileType = sourcecode.c.objc; path = SBJsonStreamParserAccumulator.m; sourceTree = "<group>"; };
		4EEA411E181BC55D00623BCC /* SBJsonStreamParserAdapter.h */ = {isa = PBXFileReference; fileEncoding = 4; lastKnownFileType = sourcecode.c.h; path = SBJsonStreamParserAdapter.h; sourceTree = "<group>"; };
		4EEA411F181BC55D00623BCC /* SBJsonStreamParserAdapter.m */ = {isa = PBXFileReference; fileEncoding = 4; lastKnownFileType = sourcecode.c.objc; path = SBJsonStreamParserAdapter.m; sourceTree = "<group>"; };
		4EEA4120181BC55D00623BCC /* SBJsonStreamParserState.h */ = {isa = PBXFileReference; fileEncoding = 4; lastKnownFileType = sourcecode.c.h; path = SBJsonStreamParserState.h; sourceTree = "<group>"; };
		4EEA4121181BC55D00623BCC /* SBJsonStreamParserState.m */ = {isa = PBXFileReference; fileEncoding = 4; lastKnownFileType = sourcecode.c.objc; path = SBJsonStreamParserState.m; sourceTree = "<group>"; };
		4EEA4122181BC55D00623BCC /* SBJsonStreamWriter.h */ = {isa = PBXFileReference; fileEncoding = 4; lastKnownFileType = sourcecode.c.h; path = SBJsonStreamWriter.h; sourceTree = "<group>"; };
		4EEA4123181BC55D00623BCC /* SBJsonStreamWriter.m */ = {isa = PBXFileReference; fileEncoding = 4; lastKnownFileType = sourcecode.c.objc; path = SBJsonStreamWriter.m; sourceTree = "<group>"; };
		4EEA4124181BC55D00623BCC /* SBJsonStreamWriterAccumulator.h */ = {isa = PBXFileReference; fileEncoding = 4; lastKnownFileType = sourcecode.c.h; path = SBJsonStreamWriterAccumulator.h; sourceTree = "<group>"; };
		4EEA4125181BC55D00623BCC /* SBJsonStreamWriterAccumulator.m */ = {isa = PBXFileReference; fileEncoding = 4; lastKnownFileType = sourcecode.c.objc; path = SBJsonStreamWriterAccumulator.m; sourceTree = "<group>"; };
		4EEA4126181BC55D00623BCC /* SBJsonStreamWriterState.h */ = {isa = PBXFileReference; fileEncoding = 4; lastKnownFileType = sourcecode.c.h; path = SBJsonStreamWriterState.h; sourceTree = "<group>"; };
		4EEA4127181BC55D00623BCC /* SBJsonStreamWriterState.m */ = {isa = PBXFileReference; fileEncoding = 4; lastKnownFileType = sourcecode.c.objc; path = SBJsonStreamWriterState.m; sourceTree = "<group>"; };
		4EEA4128181BC55D00623BCC /* SBJsonTokeniser.h */ = {isa = PBXFileReference; fileEncoding = 4; lastKnownFileType = sourcecode.c.h; path = SBJsonTokeniser.h; sourceTree = "<group>"; };
		4EEA4129181BC55D00623BCC /* SBJsonTokeniser.m */ = {isa = PBXFileReference; fileEncoding = 4; lastKnownFileType = sourcecode.c.objc; path = SBJsonTokeniser.m; sourceTree = "<group>"; };
		4EEA412A181BC55D00623BCC /* SBJsonUTF8Stream.h */ = {isa = PBXFileReference; fileEncoding = 4; lastKnownFileType = sourcecode.c.h; path = SBJsonUTF8Stream.h; sourceTree = "<group>"; };
		4EEA412B181BC55D00623BCC /* SBJsonUTF8Stream.m */ = {isa = PBXFileReference; fileEncoding = 4; lastKnownFileType = sourcecode.c.objc; path = SBJsonUTF8Stream.m; sourceTree = "<group>"; };
		4EEA412C181BC55D00623BCC /* SBJsonWriter.h */ = {isa = PBXFileReference; fileEncoding = 4; lastKnownFileType = sourcecode.c.h; path = SBJsonWriter.h; sourceTree = "<group>"; };
		4EEA412D181BC55D00623BCC /* SBJsonWriter.m */ = {isa = PBXFileReference; fileEncoding = 4; lastKnownFileType = sourcecode.c.objc; path = SBJsonWriter.m; sourceTree = "<group>"; };
/* End PBXFileReference section */

/* Begin PBXFrameworksBuildPhase section */
		4E4FCDAE181BAD690025F633 /* Frameworks */ = {
			isa = PBXFrameworksBuildPhase;
			buildActionMask = 2147483647;
			files = (
				4E8E79811820E268005CA37A /* libsqlite3.dylib in Frameworks */,
				4EBDDF2C181BF29A00FCE190 /* MediaPlayer.framework in Frameworks */,
				4E3660BA181BBEAD0005A327 /* libxml2.dylib in Frameworks */,
				4E3660B8181BBEA40005A327 /* libxml2.2.dylib in Frameworks */,
				4E3660B6181BBE890005A327 /* libz.1.1.3.dylib in Frameworks */,
				4E4FCDB7181BAD690025F633 /* CoreGraphics.framework in Frameworks */,
				4E3660B4181BBE640005A327 /* MobileCoreServices.framework in Frameworks */,
				4E20A861181BBE4300C60380 /* SystemConfiguration.framework in Frameworks */,
				4E20A85F181BBE3700C60380 /* CFNetwork.framework in Frameworks */,
				4E4FCDB9181BAD690025F633 /* UIKit.framework in Frameworks */,
				4E4FCDB5181BAD690025F633 /* Foundation.framework in Frameworks */,
			);
			runOnlyForDeploymentPostprocessing = 0;
		};
		4E4FCDC9181BAD690025F633 /* Frameworks */ = {
			isa = PBXFrameworksBuildPhase;
			buildActionMask = 2147483647;
			files = (
				4E4FCDCE181BAD690025F633 /* XCTest.framework in Frameworks */,
				4E4FCDD0181BAD690025F633 /* UIKit.framework in Frameworks */,
				4E4FCDCF181BAD690025F633 /* Foundation.framework in Frameworks */,
			);
			runOnlyForDeploymentPostprocessing = 0;
		};
/* End PBXFrameworksBuildPhase section */

/* Begin PBXGroup section */
		4E4D5FF6181FE86C0043638E /* SDWebImage */ = {
			isa = PBXGroup;
			children = (
				4E4D5FF7181FE86C0043638E /* MKAnnotationView+WebCache.h */,
				4E4D5FF8181FE86C0043638E /* MKAnnotationView+WebCache.m */,
				4E4D5FF9181FE86C0043638E /* NSData+GIF.h */,
				4E4D5FFA181FE86C0043638E /* NSData+GIF.m */,
				4E4D5FFB181FE86C0043638E /* SDImageCache.h */,
				4E4D5FFC181FE86C0043638E /* SDImageCache.m */,
				4E4D5FFD181FE86C0043638E /* SDWebImageCompat.h */,
				4E4D5FFE181FE86C0043638E /* SDWebImageCompat.m */,
				4E4D5FFF181FE86C0043638E /* SDWebImageDecoder.h */,
				4E4D6000181FE86C0043638E /* SDWebImageDecoder.m */,
				4E4D6001181FE86C0043638E /* SDWebImageDownloader.h */,
				4E4D6002181FE86C0043638E /* SDWebImageDownloader.m */,
				4E4D6003181FE86C0043638E /* SDWebImageDownloaderOperation.h */,
				4E4D6004181FE86C0043638E /* SDWebImageDownloaderOperation.m */,
				4E4D6005181FE86C0043638E /* SDWebImageManager.h */,
				4E4D6006181FE86C0043638E /* SDWebImageManager.m */,
				4E4D6007181FE86C0043638E /* SDWebImageOperation.h */,
				4E4D6008181FE86C0043638E /* SDWebImagePrefetcher.h */,
				4E4D6009181FE86C0043638E /* SDWebImagePrefetcher.m */,
				4E4D600A181FE86C0043638E /* UIButton+WebCache.h */,
				4E4D600B181FE86C0043638E /* UIButton+WebCache.m */,
				4E4D600C181FE86C0043638E /* UIImage+GIF.h */,
				4E4D600D181FE86C0043638E /* UIImage+GIF.m */,
				4E4D600E181FE86C0043638E /* UIImage+MultiFormat.h */,
				4E4D600F181FE86C0043638E /* UIImage+MultiFormat.m */,
				4E4D6010181FE86C0043638E /* UIImage+WebP.h */,
				4E4D6011181FE86C0043638E /* UIImage+WebP.m */,
				4E4D6012181FE86C0043638E /* UIImageView+WebCache.h */,
				4E4D6013181FE86C0043638E /* UIImageView+WebCache.m */,
			);
			path = SDWebImage;
			sourceTree = "<group>";
		};
		4E4FCDA8181BAD690025F633 = {
			isa = PBXGroup;
			children = (
				4E4FCDBA181BAD690025F633 /* Ziyue */,
				4E4FCDD3181BAD690025F633 /* ZiyueTests */,
				4E4FCDB3181BAD690025F633 /* Frameworks */,
				4E4FCDB2181BAD690025F633 /* Products */,
			);
			sourceTree = "<group>";
		};
		4E4FCDB2181BAD690025F633 /* Products */ = {
			isa = PBXGroup;
			children = (
				4E4FCDB1181BAD690025F633 /* Ziyue.app */,
				4E4FCDCC181BAD690025F633 /* ZiyueTests.xctest */,
			);
			name = Products;
			sourceTree = "<group>";
		};
		4E4FCDB3181BAD690025F633 /* Frameworks */ = {
			isa = PBXGroup;
			children = (
				4E8E79801820E268005CA37A /* libsqlite3.dylib */,
				4EBDDF2B181BF29A00FCE190 /* MediaPlayer.framework */,
				4E3660B9181BBEAD0005A327 /* libxml2.dylib */,
				4E3660B7181BBEA40005A327 /* libxml2.2.dylib */,
				4E3660B5181BBE890005A327 /* libz.1.1.3.dylib */,
				4E3660B3181BBE640005A327 /* MobileCoreServices.framework */,
				4E20A860181BBE4300C60380 /* SystemConfiguration.framework */,
				4E20A85E181BBE3700C60380 /* CFNetwork.framework */,
				4E4FCDB4181BAD690025F633 /* Foundation.framework */,
				4E4FCDB6181BAD690025F633 /* CoreGraphics.framework */,
				4E4FCDB8181BAD690025F633 /* UIKit.framework */,
				4E4FCDCD181BAD690025F633 /* XCTest.framework */,
			);
			name = Frameworks;
			sourceTree = "<group>";
		};
		4E4FCDBA181BAD690025F633 /* Ziyue */ = {
			isa = PBXGroup;
			children = (
				4E4FCDC3181BAD690025F633 /* ZYAppDelegate.h */,
				4E4FCDC4181BAD690025F633 /* ZYAppDelegate.m */,
				4E4FCDE6181BAF020025F633 /* Utility.h */,
				4E4FCDE7181BAF020025F633 /* Utility.m */,
				4EEA410B181BC4C600623BCC /* NetModel.h */,
				4EEA410C181BC4C600623BCC /* NetModel.m */,
				4E4FCDE3181BAEDE0025F633 /* BaseViewController.h */,
				4E4FCDE4181BAEDE0025F633 /* BaseViewController.m */,
				4EBDDF28181BDA9400FCE190 /* BaseListViewController.h */,
				4EBDDF29181BDA9400FCE190 /* BaseListViewController.m */,
				4E4FCDE9181BB0A20025F633 /* ZYViewController.h */,
				4E4FCDEA181BB0A20025F633 /* ZYViewController.m */,
				4EEA4108181BC02100623BCC /* ZYCourseListViewController.h */,
				4EEA4109181BC02100623BCC /* ZYCourseListViewController.m */,
				4EBDDF25181BDA0100FCE190 /* ZYCourseDetailViewController.h */,
				4EBDDF26181BDA0100FCE190 /* ZYCourseDetailViewController.m */,
				4EC93E9B181BF3080066434F /* VedioViewController.h */,
				4EC93E9C181BF3080066434F /* VedioViewController.m */,
				4E8E79821820E7A9005CA37A /* DBHelper */,
				4E8E79891820EC8B005CA37A /* DownloadModel */,
				4E4FCDEC181BB1A70025F633 /* ThirdLibs */,
				4E4FCDC6181BAD690025F633 /* Images.xcassets */,
				4E4FCDBB181BAD690025F633 /* Supporting Files */,
			);
			path = Ziyue;
			sourceTree = "<group>";
		};
		4E4FCDBB181BAD690025F633 /* Supporting Files */ = {
			isa = PBXGroup;
			children = (
				4E4FCDBC181BAD690025F633 /* Ziyue-Info.plist */,
				4E4FCDBD181BAD690025F633 /* InfoPlist.strings */,
				4E4FCDC0181BAD690025F633 /* main.m */,
				4E4FCDC2181BAD690025F633 /* Ziyue-Prefix.pch */,
			);
			name = "Supporting Files";
			sourceTree = "<group>";
		};
		4E4FCDD3181BAD690025F633 /* ZiyueTests */ = {
			isa = PBXGroup;
			children = (
				4E4FCDD9181BAD690025F633 /* ZiyueTests.m */,
				4E4FCDD4181BAD690025F633 /* Supporting Files */,
			);
			path = ZiyueTests;
			sourceTree = "<group>";
		};
		4E4FCDD4181BAD690025F633 /* Supporting Files */ = {
			isa = PBXGroup;
			children = (
				4E4FCDD5181BAD690025F633 /* ZiyueTests-Info.plist */,
				4E4FCDD6181BAD690025F633 /* InfoPlist.strings */,
			);
			name = "Supporting Files";
			sourceTree = "<group>";
		};
		4E4FCDEC181BB1A70025F633 /* ThirdLibs */ = {
			isa = PBXGroup;
			children = (
				4E8E79701820E23F005CA37A /* FMDB */,
				4E4D5FF6181FE86C0043638E /* SDWebImage */,
				4EEA4112181BC55D00623BCC /* SBJson */,
				4EEA410E181BC4CC00623BCC /* JsonData */,
				4E4FCDED181BBC010025F633 /* AsiHttpRequest */,
			);
			name = ThirdLibs;
			sourceTree = "<group>";
		};
		4E4FCDED181BBC010025F633 /* AsiHttpRequest */ = {
			isa = PBXGroup;
			children = (
				4E4FCDEE181BBC010025F633 /* Classes */,
				4E4FCE23181BBC010025F633 /* Reachability */,
			);
			path = AsiHttpRequest;
			sourceTree = "<group>";
		};
		4E4FCDEE181BBC010025F633 /* Classes */ = {
			isa = PBXGroup;
			children = (
				4E4FCDEF181BBC010025F633 /* ASIAuthenticationDialog.h */,
				4E4FCDF0181BBC010025F633 /* ASIAuthenticationDialog.m */,
				4E4FCDF1181BBC010025F633 /* ASICacheDelegate.h */,
				4E4FCDF2181BBC010025F633 /* ASIDataCompressor.h */,
				4E4FCDF3181BBC010025F633 /* ASIDataCompressor.m */,
				4E4FCDF4181BBC010025F633 /* ASIDataDecompressor.h */,
				4E4FCDF5181BBC010025F633 /* ASIDataDecompressor.m */,
				4E4FCDF6181BBC010025F633 /* ASIDownloadCache.h */,
				4E4FCDF7181BBC010025F633 /* ASIDownloadCache.m */,
				4E4FCDF8181BBC010025F633 /* ASIFormDataRequest.h */,
				4E4FCDF9181BBC010025F633 /* ASIFormDataRequest.m */,
				4E4FCDFA181BBC010025F633 /* ASIHTTPRequest.h */,
				4E4FCDFB181BBC010025F633 /* ASIHTTPRequest.m */,
				4E4FCDFC181BBC010025F633 /* ASIHTTPRequestConfig.h */,
				4E4FCDFD181BBC010025F633 /* ASIHTTPRequestDelegate.h */,
				4E4FCDFE181BBC010025F633 /* ASIInputStream.h */,
				4E4FCDFF181BBC010025F633 /* ASIInputStream.m */,
				4E4FCE00181BBC010025F633 /* ASINetworkQueue.h */,
				4E4FCE01181BBC010025F633 /* ASINetworkQueue.m */,
				4E4FCE02181BBC010025F633 /* ASIProgressDelegate.h */,
				4E4FCE03181BBC010025F633 /* ASIWebPageRequest */,
				4E4FCE06181BBC010025F633 /* CloudFiles */,
				4E4FCE15181BBC010025F633 /* S3 */,
			);
			path = Classes;
			sourceTree = "<group>";
		};
		4E4FCE03181BBC010025F633 /* ASIWebPageRequest */ = {
			isa = PBXGroup;
			children = (
				4E4FCE04181BBC010025F633 /* ASIWebPageRequest.h */,
				4E4FCE05181BBC010025F633 /* ASIWebPageRequest.m */,
			);
			path = ASIWebPageRequest;
			sourceTree = "<group>";
		};
		4E4FCE06181BBC010025F633 /* CloudFiles */ = {
			isa = PBXGroup;
			children = (
				4E4FCE07181BBC010025F633 /* ASICloudFilesCDNRequest.h */,
				4E4FCE08181BBC010025F633 /* ASICloudFilesCDNRequest.m */,
				4E4FCE09181BBC010025F633 /* ASICloudFilesContainer.h */,
				4E4FCE0A181BBC010025F633 /* ASICloudFilesContainer.m */,
				4E4FCE0B181BBC010025F633 /* ASICloudFilesContainerRequest.h */,
				4E4FCE0C181BBC010025F633 /* ASICloudFilesContainerRequest.m */,
				4E4FCE0D181BBC010025F633 /* ASICloudFilesContainerXMLParserDelegate.h */,
				4E4FCE0E181BBC010025F633 /* ASICloudFilesContainerXMLParserDelegate.m */,
				4E4FCE0F181BBC010025F633 /* ASICloudFilesObject.h */,
				4E4FCE10181BBC010025F633 /* ASICloudFilesObject.m */,
				4E4FCE11181BBC010025F633 /* ASICloudFilesObjectRequest.h */,
				4E4FCE12181BBC010025F633 /* ASICloudFilesObjectRequest.m */,
				4E4FCE13181BBC010025F633 /* ASICloudFilesRequest.h */,
				4E4FCE14181BBC010025F633 /* ASICloudFilesRequest.m */,
			);
			path = CloudFiles;
			sourceTree = "<group>";
		};
		4E4FCE15181BBC010025F633 /* S3 */ = {
			isa = PBXGroup;
			children = (
				4E4FCE16181BBC010025F633 /* ASINSXMLParserCompat.h */,
				4E4FCE17181BBC010025F633 /* ASIS3Bucket.h */,
				4E4FCE18181BBC010025F633 /* ASIS3Bucket.m */,
				4E4FCE19181BBC010025F633 /* ASIS3BucketObject.h */,
				4E4FCE1A181BBC010025F633 /* ASIS3BucketObject.m */,
				4E4FCE1B181BBC010025F633 /* ASIS3BucketRequest.h */,
				4E4FCE1C181BBC010025F633 /* ASIS3BucketRequest.m */,
				4E4FCE1D181BBC010025F633 /* ASIS3ObjectRequest.h */,
				4E4FCE1E181BBC010025F633 /* ASIS3ObjectRequest.m */,
				4E4FCE1F181BBC010025F633 /* ASIS3Request.h */,
				4E4FCE20181BBC010025F633 /* ASIS3Request.m */,
				4E4FCE21181BBC010025F633 /* ASIS3ServiceRequest.h */,
				4E4FCE22181BBC010025F633 /* ASIS3ServiceRequest.m */,
			);
			path = S3;
			sourceTree = "<group>";
		};
		4E4FCE23181BBC010025F633 /* Reachability */ = {
			isa = PBXGroup;
			children = (
				4E4FCE24181BBC010025F633 /* Reachability.h */,
				4E4FCE25181BBC010025F633 /* Reachability.m */,
			);
			path = Reachability;
			sourceTree = "<group>";
		};
		4E8E79701820E23F005CA37A /* FMDB */ = {
			isa = PBXGroup;
			children = (
				4E8E79711820E23F005CA37A /* FMDatabase.h */,
				4E8E79721820E23F005CA37A /* FMDatabase.m */,
				4E8E79731820E23F005CA37A /* FMDatabaseAdditions.h */,
				4E8E79741820E23F005CA37A /* FMDatabaseAdditions.m */,
				4E8E79751820E23F005CA37A /* FMDatabasePool.h */,
				4E8E79761820E23F005CA37A /* FMDatabasePool.m */,
				4E8E79771820E23F005CA37A /* FMDatabaseQueue.h */,
				4E8E79781820E23F005CA37A /* FMDatabaseQueue.m */,
				4E8E79791820E23F005CA37A /* FMResultSet.h */,
				4E8E797A1820E23F005CA37A /* FMResultSet.m */,
			);
			path = FMDB;
			sourceTree = "<group>";
		};
		4E8E79821820E7A9005CA37A /* DBHelper */ = {
			isa = PBXGroup;
			children = (
				4E8E79831820E7CD005CA37A /* HDBHelper.h */,
				4E8E79841820E7CD005CA37A /* HDBHelper.m */,
				4E8E79851820E7CD005CA37A /* HDOperationList.h */,
				4E8E79861820E7CD005CA37A /* HDOperationList.m */,
				4E8E798D182108CF005CA37A /* ZYDataCenter.h */,
				4E8E798E182108CF005CA37A /* ZYDataCenter.m */,
				4E46EC3D182145C700E1B5D5 /* ZYCourse.h */,
				4E46EC3E182145C700E1B5D5 /* ZYCourse.m */,
				4E46EC40182145D700E1B5D5 /* ZYChapter.h */,
				4E46EC41182145D700E1B5D5 /* ZYChapter.m */,
			);
			name = DBHelper;
			sourceTree = "<group>";
		};
		4E8E79891820EC8B005CA37A /* DownloadModel */ = {
			isa = PBXGroup;
			children = (
				4E8E798A1820ECBB005CA37A /* DownloadModel.h */,
				4E8E798B1820ECBB005CA37A /* DownloadModel.m */,
			);
			name = DownloadModel;
			sourceTree = "<group>";
		};
		4EEA410E181BC4CC00623BCC /* JsonData */ = {
			isa = PBXGroup;
			children = (
				4EEA410F181BC4CC00623BCC /* JsonData.h */,
				4EEA4110181BC4CC00623BCC /* JsonData.m */,
			);
			path = JsonData;
			sourceTree = "<group>";
		};
		4EEA4112181BC55D00623BCC /* SBJson */ = {
			isa = PBXGroup;
			children = (
				4EEA4113181BC55D00623BCC /* Classes */,
			);
			path = SBJson;
			sourceTree = "<group>";
		};
		4EEA4113181BC55D00623BCC /* Classes */ = {
			isa = PBXGroup;
			children = (
				4EEA4114181BC55D00623BCC /* JSON.h */,
				4EEA4115181BC55D00623BCC /* NSObject+SBJson.h */,
				4EEA4116181BC55D00623BCC /* NSObject+SBJson.m */,
				4EEA4117181BC55D00623BCC /* SBJson.h */,
				4EEA4118181BC55D00623BCC /* SBJsonParser.h */,
				4EEA4119181BC55D00623BCC /* SBJsonParser.m */,
				4EEA411A181BC55D00623BCC /* SBJsonStreamParser.h */,
				4EEA411B181BC55D00623BCC /* SBJsonStreamParser.m */,
				4EEA411C181BC55D00623BCC /* SBJsonStreamParserAccumulator.h */,
				4EEA411D181BC55D00623BCC /* SBJsonStreamParserAccumulator.m */,
				4EEA411E181BC55D00623BCC /* SBJsonStreamParserAdapter.h */,
				4EEA411F181BC55D00623BCC /* SBJsonStreamParserAdapter.m */,
				4EEA4120181BC55D00623BCC /* SBJsonStreamParserState.h */,
				4EEA4121181BC55D00623BCC /* SBJsonStreamParserState.m */,
				4EEA4122181BC55D00623BCC /* SBJsonStreamWriter.h */,
				4EEA4123181BC55D00623BCC /* SBJsonStreamWriter.m */,
				4EEA4124181BC55D00623BCC /* SBJsonStreamWriterAccumulator.h */,
				4EEA4125181BC55D00623BCC /* SBJsonStreamWriterAccumulator.m */,
				4EEA4126181BC55D00623BCC /* SBJsonStreamWriterState.h */,
				4EEA4127181BC55D00623BCC /* SBJsonStreamWriterState.m */,
				4EEA4128181BC55D00623BCC /* SBJsonTokeniser.h */,
				4EEA4129181BC55D00623BCC /* SBJsonTokeniser.m */,
				4EEA412A181BC55D00623BCC /* SBJsonUTF8Stream.h */,
				4EEA412B181BC55D00623BCC /* SBJsonUTF8Stream.m */,
				4EEA412C181BC55D00623BCC /* SBJsonWriter.h */,
				4EEA412D181BC55D00623BCC /* SBJsonWriter.m */,
			);
			path = Classes;
			sourceTree = "<group>";
		};
/* End PBXGroup section */

/* Begin PBXNativeTarget section */
		4E4FCDB0181BAD690025F633 /* Ziyue */ = {
			isa = PBXNativeTarget;
			buildConfigurationList = 4E4FCDDD181BAD690025F633 /* Build configuration list for PBXNativeTarget "Ziyue" */;
			buildPhases = (
				4E4FCDAD181BAD690025F633 /* Sources */,
				4E4FCDAE181BAD690025F633 /* Frameworks */,
				4E4FCDAF181BAD690025F633 /* Resources */,
			);
			buildRules = (
			);
			dependencies = (
			);
			name = Ziyue;
			productName = Ziyue;
			productReference = 4E4FCDB1181BAD690025F633 /* Ziyue.app */;
			productType = "com.apple.product-type.application";
		};
		4E4FCDCB181BAD690025F633 /* ZiyueTests */ = {
			isa = PBXNativeTarget;
			buildConfigurationList = 4E4FCDE0181BAD690025F633 /* Build configuration list for PBXNativeTarget "ZiyueTests" */;
			buildPhases = (
				4E4FCDC8181BAD690025F633 /* Sources */,
				4E4FCDC9181BAD690025F633 /* Frameworks */,
				4E4FCDCA181BAD690025F633 /* Resources */,
			);
			buildRules = (
			);
			dependencies = (
				4E4FCDD2181BAD690025F633 /* PBXTargetDependency */,
			);
			name = ZiyueTests;
			productName = ZiyueTests;
			productReference = 4E4FCDCC181BAD690025F633 /* ZiyueTests.xctest */;
			productType = "com.apple.product-type.bundle.unit-test";
		};
/* End PBXNativeTarget section */

/* Begin PBXProject section */
		4E4FCDA9181BAD690025F633 /* Project object */ = {
			isa = PBXProject;
			attributes = {
				CLASSPREFIX = ZY;
				LastUpgradeCheck = 0500;
				ORGANIZATIONNAME = yangw;
				TargetAttributes = {
					4E4FCDCB181BAD690025F633 = {
						TestTargetID = 4E4FCDB0181BAD690025F633;
					};
				};
			};
			buildConfigurationList = 4E4FCDAC181BAD690025F633 /* Build configuration list for PBXProject "Ziyue" */;
			compatibilityVersion = "Xcode 3.2";
			developmentRegion = English;
			hasScannedForEncodings = 0;
			knownRegions = (
				en,
			);
			mainGroup = 4E4FCDA8181BAD690025F633;
			productRefGroup = 4E4FCDB2181BAD690025F633 /* Products */;
			projectDirPath = "";
			projectRoot = "";
			targets = (
				4E4FCDB0181BAD690025F633 /* Ziyue */,
				4E4FCDCB181BAD690025F633 /* ZiyueTests */,
			);
		};
/* End PBXProject section */

/* Begin PBXResourcesBuildPhase section */
		4E4FCDAF181BAD690025F633 /* Resources */ = {
			isa = PBXResourcesBuildPhase;
			buildActionMask = 2147483647;
			files = (
				4E4FCDBF181BAD690025F633 /* InfoPlist.strings in Resources */,
				4E4FCDC7181BAD690025F633 /* Images.xcassets in Resources */,
			);
			runOnlyForDeploymentPostprocessing = 0;
		};
		4E4FCDCA181BAD690025F633 /* Resources */ = {
			isa = PBXResourcesBuildPhase;
			buildActionMask = 2147483647;
			files = (
				4E4FCDD8181BAD690025F633 /* InfoPlist.strings in Resources */,
			);
			runOnlyForDeploymentPostprocessing = 0;
		};
/* End PBXResourcesBuildPhase section */

/* Begin PBXSourcesBuildPhase section */
		4E4FCDAD181BAD690025F633 /* Sources */ = {
			isa = PBXSourcesBuildPhase;
			buildActionMask = 2147483647;
			files = (
				4E4FCDE8181BAF020025F633 /* Utility.m in Sources */,
				4E4FCE26181BBC010025F633 /* ASIAuthenticationDialog.m in Sources */,
				4E4D6021181FE86C0043638E /* UIImageView+WebCache.m in Sources */,
				4E4FCE27181BBC010025F633 /* ASIDataCompressor.m in Sources */,
				4E8E797D1820E23F005CA37A /* FMDatabasePool.m in Sources */,
				4E4FCDC1181BAD690025F633 /* main.m in Sources */,
				4E8E797C1820E23F005CA37A /* FMDatabaseAdditions.m in Sources */,
				4EEA410A181BC02100623BCC /* ZYCourseListViewController.m in Sources */,
				4EEA4131181BC55D00623BCC /* SBJsonStreamParserAccumulator.m in Sources */,
				4E4D601F181FE86C0043638E /* UIImage+MultiFormat.m in Sources */,
				4E4FCDE5181BAEDE0025F633 /* BaseViewController.m in Sources */,
				4E4D6020181FE86C0043638E /* UIImage+WebP.m in Sources */,
				4E4D6018181FE86C0043638E /* SDWebImageDecoder.m in Sources */,
				4E4D6017181FE86C0043638E /* SDWebImageCompat.m in Sources */,
				4E4FCE2B181BBC010025F633 /* ASIHTTPRequest.m in Sources */,
				4EEA4135181BC55D00623BCC /* SBJsonStreamWriterAccumulator.m in Sources */,
				4EEA4139181BC55D00623BCC /* SBJsonWriter.m in Sources */,
				4EC93E9D181BF3080066434F /* VedioViewController.m in Sources */,
				4E4FCE2A181BBC010025F633 /* ASIFormDataRequest.m in Sources */,
				4E8E797F1820E23F005CA37A /* FMResultSet.m in Sources */,
				4E4FCE29181BBC010025F633 /* ASIDownloadCache.m in Sources */,
				4E8E79881820E7CD005CA37A /* HDOperationList.m in Sources */,
				4EEA4138181BC55D00623BCC /* SBJsonUTF8Stream.m in Sources */,
				4E4FCE2F181BBC010025F633 /* ASICloudFilesCDNRequest.m in Sources */,
				4E4FCE2C181BBC010025F633 /* ASIInputStream.m in Sources */,
				4E8E797B1820E23F005CA37A /* FMDatabase.m in Sources */,
				4E4FCE3C181BBC010025F633 /* Reachability.m in Sources */,
				4E8E79871820E7CD005CA37A /* HDBHelper.m in Sources */,
				4E8E797E1820E23F005CA37A /* FMDatabaseQueue.m in Sources */,
				4E4FCE34181BBC010025F633 /* ASICloudFilesObjectRequest.m in Sources */,
				4E8E798F182108CF005CA37A /* ZYDataCenter.m in Sources */,
				4E4D6019181FE86C0043638E /* SDWebImageDownloader.m in Sources */,
				4E4D601D181FE86C0043638E /* UIButton+WebCache.m in Sources */,
				4EEA410D181BC4C600623BCC /* NetModel.m in Sources */,
				4E4D6015181FE86C0043638E /* NSData+GIF.m in Sources */,
				4EEA4111181BC4CC00623BCC /* JsonData.m in Sources */,
				4EEA412F181BC55D00623BCC /* SBJsonParser.m in Sources */,
				4E4FCE33181BBC010025F633 /* ASICloudFilesObject.m in Sources */,
				4E4FCE31181BBC010025F633 /* ASICloudFilesContainerRequest.m in Sources */,
				4EEA4134181BC55D00623BCC /* SBJsonStreamWriter.m in Sources */,
				4E4FCE32181BBC010025F633 /* ASICloudFilesContainerXMLParserDelegate.m in Sources */,
				4E4D601A181FE86C0043638E /* SDWebImageDownloaderOperation.m in Sources */,
				4EEA4137181BC55D00623BCC /* SBJsonTokeniser.m in Sources */,
				4EEA4133181BC55D00623BCC /* SBJsonStreamParserState.m in Sources */,
				4E4FCE2E181BBC010025F633 /* ASIWebPageRequest.m in Sources */,
				4E4FCE28181BBC010025F633 /* ASIDataDecompressor.m in Sources */,
				4E4FCE39181BBC010025F633 /* ASIS3ObjectRequest.m in Sources */,
				4E4FCE2D181BBC010025F633 /* ASINetworkQueue.m in Sources */,
				4E4FCE3B181BBC010025F633 /* ASIS3ServiceRequest.m in Sources */,
				4EBDDF2A181BDA9400FCE190 /* BaseListViewController.m in Sources */,
				4E4D6016181FE86C0043638E /* SDImageCache.m in Sources */,
				4E4D601B181FE86C0043638E /* SDWebImageManager.m in Sources */,
				4E4FCE38181BBC010025F633 /* ASIS3BucketRequest.m in Sources */,
				4E4D601C181FE86C0043638E /* SDWebImagePrefetcher.m in Sources */,
				4EEA4136181BC55D00623BCC /* SBJsonStreamWriterState.m in Sources */,
				4E46EC3F182145C700E1B5D5 /* ZYCourse.m in Sources */,
				4EEA4130181BC55D00623BCC /* SBJsonStreamParser.m in Sources */,
				4E8E798C1820ECBB005CA37A /* DownloadModel.m in Sources */,
				4E4FCE30181BBC010025F633 /* ASICloudFilesContainer.m in Sources */,
				4EBDDF27181BDA0100FCE190 /* ZYCourseDetailViewController.m in Sources */,
				4E4FCE35181BBC010025F633 /* ASICloudFilesRequest.m in Sources */,
				4E4FCDEB181BB0A20025F633 /* ZYViewController.m in Sources */,
				4E4FCE37181BBC010025F633 /* ASIS3BucketObject.m in Sources */,
				4E4FCE3A181BBC010025F633 /* ASIS3Request.m in Sources */,
				4E4D6014181FE86C0043638E /* MKAnnotationView+WebCache.m in Sources */,
				4E4FCDC5181BAD690025F633 /* ZYAppDelegate.m in Sources */,
				4EEA412E181BC55D00623BCC /* NSObject+SBJson.m in Sources */,
				4E4D601E181FE86C0043638E /* UIImage+GIF.m in Sources */,
				4E4FCE36181BBC010025F633 /* ASIS3Bucket.m in Sources */,
				4E46EC42182145D700E1B5D5 /* ZYChapter.m in Sources */,
				4EEA4132181BC55D00623BCC /* SBJsonStreamParserAdapter.m in Sources */,
			);
			runOnlyForDeploymentPostprocessing = 0;
		};
		4E4FCDC8181BAD690025F633 /* Sources */ = {
			isa = PBXSourcesBuildPhase;
			buildActionMask = 2147483647;
			files = (
				4E4FCDDA181BAD690025F633 /* ZiyueTests.m in Sources */,
			);
			runOnlyForDeploymentPostprocessing = 0;
		};
/* End PBXSourcesBuildPhase section */

/* Begin PBXTargetDependency section */
		4E4FCDD2181BAD690025F633 /* PBXTargetDependency */ = {
			isa = PBXTargetDependency;
			target = 4E4FCDB0181BAD690025F633 /* Ziyue */;
			targetProxy = 4E4FCDD1181BAD690025F633 /* PBXContainerItemProxy */;
		};
/* End PBXTargetDependency section */

/* Begin PBXVariantGroup section */
		4E4FCDBD181BAD690025F633 /* InfoPlist.strings */ = {
			isa = PBXVariantGroup;
			children = (
				4E4FCDBE181BAD690025F633 /* en */,
			);
			name = InfoPlist.strings;
			sourceTree = "<group>";
		};
		4E4FCDD6181BAD690025F633 /* InfoPlist.strings */ = {
			isa = PBXVariantGroup;
			children = (
				4E4FCDD7181BAD690025F633 /* en */,
			);
			name = InfoPlist.strings;
			sourceTree = "<group>";
		};
/* End PBXVariantGroup section */

/* Begin XCBuildConfiguration section */
		4E4FCDDB181BAD690025F633 /* Debug */ = {
			isa = XCBuildConfiguration;
			buildSettings = {
				ALWAYS_SEARCH_USER_PATHS = NO;
				ARCHS = "$(ARCHS_STANDARD_INCLUDING_64_BIT)";
				CLANG_CXX_LANGUAGE_STANDARD = "gnu++0x";
				CLANG_CXX_LIBRARY = "libc++";
				CLANG_ENABLE_MODULES = YES;
				CLANG_ENABLE_OBJC_ARC = YES;
				CLANG_WARN_BOOL_CONVERSION = YES;
				CLANG_WARN_CONSTANT_CONVERSION = YES;
				CLANG_WARN_DIRECT_OBJC_ISA_USAGE = YES_ERROR;
				CLANG_WARN_EMPTY_BODY = YES;
				CLANG_WARN_ENUM_CONVERSION = YES;
				CLANG_WARN_INT_CONVERSION = YES;
				CLANG_WARN_OBJC_ROOT_CLASS = YES_ERROR;
				CLANG_WARN__DUPLICATE_METHOD_MATCH = YES;
				"CODE_SIGN_IDENTITY[sdk=iphoneos*]" = "iPhone Developer";
				COPY_PHASE_STRIP = NO;
				GCC_C_LANGUAGE_STANDARD = gnu99;
				GCC_DYNAMIC_NO_PIC = NO;
				GCC_OPTIMIZATION_LEVEL = 0;
				GCC_PREPROCESSOR_DEFINITIONS = (
					"DEBUG=1",
					"$(inherited)",
				);
				GCC_SYMBOLS_PRIVATE_EXTERN = NO;
				GCC_WARN_64_TO_32_BIT_CONVERSION = YES;
				GCC_WARN_ABOUT_RETURN_TYPE = YES_ERROR;
				GCC_WARN_UNDECLARED_SELECTOR = YES;
				GCC_WARN_UNINITIALIZED_AUTOS = YES;
				GCC_WARN_UNUSED_FUNCTION = YES;
				GCC_WARN_UNUSED_VARIABLE = YES;
				IPHONEOS_DEPLOYMENT_TARGET = 7.0;
				ONLY_ACTIVE_ARCH = YES;
				SDKROOT = iphoneos;
				TARGETED_DEVICE_FAMILY = "1,2";
			};
			name = Debug;
		};
		4E4FCDDC181BAD690025F633 /* Release */ = {
			isa = XCBuildConfiguration;
			buildSettings = {
				ALWAYS_SEARCH_USER_PATHS = NO;
				ARCHS = "$(ARCHS_STANDARD_INCLUDING_64_BIT)";
				CLANG_CXX_LANGUAGE_STANDARD = "gnu++0x";
				CLANG_CXX_LIBRARY = "libc++";
				CLANG_ENABLE_MODULES = YES;
				CLANG_ENABLE_OBJC_ARC = YES;
				CLANG_WARN_BOOL_CONVERSION = YES;
				CLANG_WARN_CONSTANT_CONVERSION = YES;
				CLANG_WARN_DIRECT_OBJC_ISA_USAGE = YES_ERROR;
				CLANG_WARN_EMPTY_BODY = YES;
				CLANG_WARN_ENUM_CONVERSION = YES;
				CLANG_WARN_INT_CONVERSION = YES;
				CLANG_WARN_OBJC_ROOT_CLASS = YES_ERROR;
				CLANG_WARN__DUPLICATE_METHOD_MATCH = YES;
				"CODE_SIGN_IDENTITY[sdk=iphoneos*]" = "iPhone Developer";
				COPY_PHASE_STRIP = YES;
				ENABLE_NS_ASSERTIONS = NO;
				GCC_C_LANGUAGE_STANDARD = gnu99;
				GCC_WARN_64_TO_32_BIT_CONVERSION = YES;
				GCC_WARN_ABOUT_RETURN_TYPE = YES_ERROR;
				GCC_WARN_UNDECLARED_SELECTOR = YES;
				GCC_WARN_UNINITIALIZED_AUTOS = YES;
				GCC_WARN_UNUSED_FUNCTION = YES;
				GCC_WARN_UNUSED_VARIABLE = YES;
				IPHONEOS_DEPLOYMENT_TARGET = 7.0;
				SDKROOT = iphoneos;
				TARGETED_DEVICE_FAMILY = "1,2";
				VALIDATE_PRODUCT = YES;
			};
			name = Release;
		};
		4E4FCDDE181BAD690025F633 /* Debug */ = {
			isa = XCBuildConfiguration;
			buildSettings = {
				ASSETCATALOG_COMPILER_APPICON_NAME = AppIcon;
				ASSETCATALOG_COMPILER_LAUNCHIMAGE_NAME = LaunchImage;
				GCC_PRECOMPILE_PREFIX_HEADER = YES;
				GCC_PREFIX_HEADER = "Ziyue/Ziyue-Prefix.pch";
				HEADER_SEARCH_PATHS = (
					"$(inherited)",
					/Applications/Xcode.app/Contents/Developer/Toolchains/XcodeDefault.xctoolchain/usr/include,
					"${SDK_DIR}/usr/include/libxml2",
				);
				INFOPLIST_FILE = "Ziyue/Ziyue-Info.plist";
				IPHONEOS_DEPLOYMENT_TARGET = 5.0;
				PRODUCT_NAME = "$(TARGET_NAME)";
				TARGETED_DEVICE_FAMILY = "1,2";
				WRAPPER_EXTENSION = app;
			};
			name = Debug;
		};
		4E4FCDDF181BAD690025F633 /* Release */ = {
			isa = XCBuildConfiguration;
			buildSettings = {
				ASSETCATALOG_COMPILER_APPICON_NAME = AppIcon;
				ASSETCATALOG_COMPILER_LAUNCHIMAGE_NAME = LaunchImage;
				GCC_PRECOMPILE_PREFIX_HEADER = YES;
				GCC_PREFIX_HEADER = "Ziyue/Ziyue-Prefix.pch";
				HEADER_SEARCH_PATHS = (
					"$(inherited)",
					/Applications/Xcode.app/Contents/Developer/Toolchains/XcodeDefault.xctoolchain/usr/include,
					"${SDK_DIR}/usr/include/libxml2",
				);
				INFOPLIST_FILE = "Ziyue/Ziyue-Info.plist";
				IPHONEOS_DEPLOYMENT_TARGET = 5.0;
				PRODUCT_NAME = "$(TARGET_NAME)";
				TARGETED_DEVICE_FAMILY = "1,2";
				WRAPPER_EXTENSION = app;
			};
			name = Release;
		};
		4E4FCDE1181BAD690025F633 /* Debug */ = {
			isa = XCBuildConfiguration;
			buildSettings = {
				ARCHS = "$(ARCHS_STANDARD_INCLUDING_64_BIT)";
				BUNDLE_LOADER = "$(BUILT_PRODUCTS_DIR)/Ziyue.app/Ziyue";
				FRAMEWORK_SEARCH_PATHS = (
					"$(SDKROOT)/Developer/Library/Frameworks",
					"$(inherited)",
					"$(DEVELOPER_FRAMEWORKS_DIR)",
				);
				GCC_PRECOMPILE_PREFIX_HEADER = YES;
				GCC_PREFIX_HEADER = "Ziyue/Ziyue-Prefix.pch";
				GCC_PREPROCESSOR_DEFINITIONS = (
					"DEBUG=1",
					"$(inherited)",
				);
				INFOPLIST_FILE = "ZiyueTests/ZiyueTests-Info.plist";
				PRODUCT_NAME = "$(TARGET_NAME)";
				TEST_HOST = "$(BUNDLE_LOADER)";
				WRAPPER_EXTENSION = xctest;
			};
			name = Debug;
		};
		4E4FCDE2181BAD690025F633 /* Release */ = {
			isa = XCBuildConfiguration;
			buildSettings = {
				ARCHS = "$(ARCHS_STANDARD_INCLUDING_64_BIT)";
				BUNDLE_LOADER = "$(BUILT_PRODUCTS_DIR)/Ziyue.app/Ziyue";
				FRAMEWORK_SEARCH_PATHS = (
					"$(SDKROOT)/Developer/Library/Frameworks",
					"$(inherited)",
					"$(DEVELOPER_FRAMEWORKS_DIR)",
				);
				GCC_PRECOMPILE_PREFIX_HEADER = YES;
				GCC_PREFIX_HEADER = "Ziyue/Ziyue-Prefix.pch";
				INFOPLIST_FILE = "ZiyueTests/ZiyueTests-Info.plist";
				PRODUCT_NAME = "$(TARGET_NAME)";
				TEST_HOST = "$(BUNDLE_LOADER)";
				WRAPPER_EXTENSION = xctest;
			};
			name = Release;
		};
/* End XCBuildConfiguration section */

/* Begin XCConfigurationList section */
		4E4FCDAC181BAD690025F633 /* Build configuration list for PBXProject "Ziyue" */ = {
			isa = XCConfigurationList;
			buildConfigurations = (
				4E4FCDDB181BAD690025F633 /* Debug */,
				4E4FCDDC181BAD690025F633 /* Release */,
			);
			defaultConfigurationIsVisible = 0;
			defaultConfigurationName = Release;
		};
		4E4FCDDD181BAD690025F633 /* Build configuration list for PBXNativeTarget "Ziyue" */ = {
			isa = XCConfigurationList;
			buildConfigurations = (
				4E4FCDDE181BAD690025F633 /* Debug */,
				4E4FCDDF181BAD690025F633 /* Release */,
			);
			defaultConfigurationIsVisible = 0;
			defaultConfigurationName = Release;
		};
		4E4FCDE0181BAD690025F633 /* Build configuration list for PBXNativeTarget "ZiyueTests" */ = {
			isa = XCConfigurationList;
			buildConfigurations = (
				4E4FCDE1181BAD690025F633 /* Debug */,
				4E4FCDE2181BAD690025F633 /* Release */,
			);
			defaultConfigurationIsVisible = 0;
			defaultConfigurationName = Release;
		};
/* End XCConfigurationList section */
	};
	rootObject = 4E4FCDA9181BAD690025F633 /* Project object */;
}
